PODS:
  - GoogleMaps (4.2.0):
    - GoogleMaps/Maps (= 4.2.0)
  - GoogleMaps/Base (4.2.0)
  - GoogleMaps/Maps (4.2.0):
    - GoogleMaps/Base

DEPENDENCIES:
  - GoogleMaps (~> 4.0)

SPEC REPOS:
  trunk:
    - GoogleMaps

SPEC CHECKSUMS:
  GoogleMaps: eb03e327edfd70b06de1e6e321653f73712df7ad

PODFILE CHECKSUM: 86f3bf729eb4252a5d0bbe1678117049f50e3940

COCOAPODS: 1.11.3
