PODS:
  - DeviceKit (4.5.2)
  - GoogleMaps (6.2.1):
    - GoogleMaps/Maps (= 6.2.1)
  - GoogleMaps/Base (6.2.1)
  - GoogleMaps/Maps (6.2.1):
    - GoogleMaps/Base
  - GooglePlaces (6.2.1)

DEPENDENCIES:
  - DeviceKit (~> 4.5.0)
  - GoogleMaps (= 6.2.1)
  - GooglePlaces (= 6.2.1)

SPEC REPOS:
  trunk:
    - DeviceKit
    - GoogleMaps
    - GooglePlaces

SPEC CHECKSUMS:
  DeviceKit: c622fc19f795f3e0b4d75d6d11b26604338cdab3
  GoogleMaps: 20d7b12be49a14287f797e88e0e31bc4156aaeb4
  GooglePlaces: 94974aa119573d5acc2a35a699948dac838abd73

PODFILE CHECKSUM: c8738672add66ef3f584f070f4315bf5b6cfcf50

COCOAPODS: 1.15.2
