// !$*UTF8*$!
{
	archiveVersion = 1;
	classes = {
	};
	objectVersion = 56;
	objects = {

/* Begin PBXBuildFile section */
		B3183B5128F9559F00853095 /* NewMapApp.swift in Sources */ = {isa = PBXBuildFile; fileRef = B3183B5028F9559F00853095 /* NewMapApp.swift */; };
		B3183B5328F9559F00853095 /* ContentView.swift in Sources */ = {isa = PBXBuildFile; fileRef = B3183B5228F9559F00853095 /* ContentView.swift */; };
		B3183B5528F955A100853095 /* Assets.xcassets in Resources */ = {isa = PBXBuildFile; fileRef = B3183B5428F955A100853095 /* Assets.xcassets */; };
		B3183B5828F955A100853095 /* Preview Assets.xcassets in Resources */ = {isa = PBXBuildFile; fileRef = B3183B5728F955A100853095 /* Preview Assets.xcassets */; };
		B3183B6328F9561300853095 /* AppDelegate.swift in Sources */ = {isa = PBXBuildFile; fileRef = B3183B6228F9561300853095 /* AppDelegate.swift */; };
		B3183B6528F9561B00853095 /* MapView.swift in Sources */ = {isa = PBXBuildFile; fileRef = B3183B6428F9561B00853095 /* MapView.swift */; };
		B34655FA28F9719C003ECCD6 /* style.json in Resources */ = {isa = PBXBuildFile; fileRef = B34655F828F9719B003ECCD6 /* style.json */; };
		B34655FB28F9719C003ECCD6 /* darkStyle.json in Resources */ = {isa = PBXBuildFile; fileRef = B34655F928F9719C003ECCD6 /* darkStyle.json */; };
		F2D23B46FA73F6B6BC527CC0 /* Pods_NewMap.framework in Frameworks */ = {isa = PBXBuildFile; fileRef = A23709A74F3EAF77946ADBDD /* Pods_NewMap.framework */; };
/* End PBXBuildFile section */

/* Begin PBXFileReference section */
		9396412679AD7F9C070881BA /* Pods-NewMap.debug.xcconfig */ = {isa = PBXFileReference; includeInIndex = 1; lastKnownFileType = text.xcconfig; name = "Pods-NewMap.debug.xcconfig"; path = "Target Support Files/Pods-NewMap/Pods-NewMap.debug.xcconfig"; sourceTree = "<group>"; };
		A23709A74F3EAF77946ADBDD /* Pods_NewMap.framework */ = {isa = PBXFileReference; explicitFileType = wrapper.framework; includeInIndex = 0; path = Pods_NewMap.framework; sourceTree = BUILT_PRODUCTS_DIR; };
		B3183B4D28F9559F00853095 /* NewMap.app */ = {isa = PBXFileReference; explicitFileType = wrapper.application; includeInIndex = 0; path = NewMap.app; sourceTree = BUILT_PRODUCTS_DIR; };
		B3183B5028F9559F00853095 /* NewMapApp.swift */ = {isa = PBXFileReference; lastKnownFileType = sourcecode.swift; path = NewMapApp.swift; sourceTree = "<group>"; };
		B3183B5228F9559F00853095 /* ContentView.swift */ = {isa = PBXFileReference; lastKnownFileType = sourcecode.swift; path = ContentView.swift; sourceTree = "<group>"; };
		B3183B5428F955A100853095 /* Assets.xcassets */ = {isa = PBXFileReference; lastKnownFileType = folder.assetcatalog; path = Assets.xcassets; sourceTree = "<group>"; };
		B3183B5728F955A100853095 /* Preview Assets.xcassets */ = {isa = PBXFileReference; lastKnownFileType = folder.assetcatalog; path = "Preview Assets.xcassets"; sourceTree = "<group>"; };
		B3183B6228F9561300853095 /* AppDelegate.swift */ = {isa = PBXFileReference; fileEncoding = 4; lastKnownFileType = sourcecode.swift; path = AppDelegate.swift; sourceTree = "<group>"; };
		B3183B6428F9561B00853095 /* MapView.swift */ = {isa = PBXFileReference; fileEncoding = 4; lastKnownFileType = sourcecode.swift; path = MapView.swift; sourceTree = "<group>"; };
		B34655F828F9719B003ECCD6 /* style.json */ = {isa = PBXFileReference; fileEncoding = 4; lastKnownFileType = text.json; path = style.json; sourceTree = "<group>"; };
		B34655F928F9719C003ECCD6 /* darkStyle.json */ = {isa = PBXFileReference; fileEncoding = 4; lastKnownFileType = text.json; path = darkStyle.json; sourceTree = "<group>"; };
		C220CF4CAE7D470C2B23F028 /* Pods-NewMap.release.xcconfig */ = {isa = PBXFileReference; includeInIndex = 1; lastKnownFileType = text.xcconfig; name = "Pods-NewMap.release.xcconfig"; path = "Target Support Files/Pods-NewMap/Pods-NewMap.release.xcconfig"; sourceTree = "<group>"; };
/* End PBXFileReference section */

/* Begin PBXFrameworksBuildPhase section */
		B3183B4A28F9559F00853095 /* Frameworks */ = {
			isa = PBXFrameworksBuildPhase;
			buildActionMask = 2147483647;
			files = (
				F2D23B46FA73F6B6BC527CC0 /* Pods_NewMap.framework in Frameworks */,
			);
			runOnlyForDeploymentPostprocessing = 0;
		};
/* End PBXFrameworksBuildPhase section */

/* Begin PBXGroup section */
		2E08F9D46A22C9890A984D67 /* Frameworks */ = {
			isa = PBXGroup;
			children = (
				A23709A74F3EAF77946ADBDD /* Pods_NewMap.framework */,
			);
			name = Frameworks;
			sourceTree = "<group>";
		};
		6676FDD15CA3E07514884901 /* Pods */ = {
			isa = PBXGroup;
			children = (
				9396412679AD7F9C070881BA /* Pods-NewMap.debug.xcconfig */,
				C220CF4CAE7D470C2B23F028 /* Pods-NewMap.release.xcconfig */,
			);
			path = Pods;
			sourceTree = "<group>";
		};
		B3183B4428F9559F00853095 = {
			isa = PBXGroup;
			children = (
				B3183B4F28F9559F00853095 /* NewMap */,
				B3183B4E28F9559F00853095 /* Products */,
				6676FDD15CA3E07514884901 /* Pods */,
				2E08F9D46A22C9890A984D67 /* Frameworks */,
			);
			sourceTree = "<group>";
		};
		B3183B4E28F9559F00853095 /* Products */ = {
			isa = PBXGroup;
			children = (
				B3183B4D28F9559F00853095 /* NewMap.app */,
			);
			name = Products;
			sourceTree = "<group>";
		};
		B3183B4F28F9559F00853095 /* NewMap */ = {
			isa = PBXGroup;
			children = (
				B34655F928F9719C003ECCD6 /* darkStyle.json */,
				B34655F828F9719B003ECCD6 /* style.json */,
				B3183B6428F9561B00853095 /* MapView.swift */,
				B3183B5028F9559F00853095 /* NewMapApp.swift */,
				B3183B6228F9561300853095 /* AppDelegate.swift */,
				B3183B5228F9559F00853095 /* ContentView.swift */,
				B3183B5428F955A100853095 /* Assets.xcassets */,
				B3183B5628F955A100853095 /* Preview Content */,
			);
			path = NewMap;
			sourceTree = "<group>";
		};
		B3183B5628F955A100853095 /* Preview Content */ = {
			isa = PBXGroup;
			children = (
				B3183B5728F955A100853095 /* Preview Assets.xcassets */,
			);
			path = "Preview Content";
			sourceTree = "<group>";
		};
/* End PBXGroup section */

/* Begin PBXNativeTarget section */
		B3183B4C28F9559F00853095 /* NewMap */ = {
			isa = PBXNativeTarget;
			buildConfigurationList = B3183B5B28F955A100853095 /* Build configuration list for PBXNativeTarget "NewMap" */;
			buildPhases = (
				534E49A4598A5FB2A9E3DC13 /* [CP] Check Pods Manifest.lock */,
				B3183B4928F9559F00853095 /* Sources */,
				B3183B4A28F9559F00853095 /* Frameworks */,
				B3183B4B28F9559F00853095 /* Resources */,
				E84572480F7C6F46DB86F349 /* [CP] Copy Pods Resources */,
			);
			buildRules = (
			);
			dependencies = (
			);
			name = NewMap;
			productName = NewMap;
			productReference = B3183B4D28F9559F00853095 /* NewMap.app */;
			productType = "com.apple.product-type.application";
		};
/* End PBXNativeTarget section */

/* Begin PBXProject section */
		B3183B4528F9559F00853095 /* Project object */ = {
			isa = PBXProject;
			attributes = {
				BuildIndependentTargetsInParallel = 1;
				LastSwiftUpdateCheck = 1400;
				LastUpgradeCheck = 1400;
				TargetAttributes = {
					B3183B4C28F9559F00853095 = {
						CreatedOnToolsVersion = 14.0;
					};
				};
			};
			buildConfigurationList = B3183B4828F9559F00853095 /* Build configuration list for PBXProject "NewMap" */;
			compatibilityVersion = "Xcode 14.0";
			developmentRegion = en;
			hasScannedForEncodings = 0;
			knownRegions = (
				en,
				Base,
			);
			mainGroup = B3183B4428F9559F00853095;
			productRefGroup = B3183B4E28F9559F00853095 /* Products */;
			projectDirPath = "";
			projectRoot = "";
			targets = (
				B3183B4C28F9559F00853095 /* NewMap */,
			);
		};
/* End PBXProject section */

/* Begin PBXResourcesBuildPhase section */
		B3183B4B28F9559F00853095 /* Resources */ = {
			isa = PBXResourcesBuildPhase;
			buildActionMask = 2147483647;
			files = (
				B34655FA28F9719C003ECCD6 /* style.json in Resources */,
				B34655FB28F9719C003ECCD6 /* darkStyle.json in Resources */,
				B3183B5828F955A100853095 /* Preview Assets.xcassets in Resources */,
				B3183B5528F955A100853095 /* Assets.xcassets in Resources */,
			);
			runOnlyForDeploymentPostprocessing = 0;
		};
/* End PBXResourcesBuildPhase section */

/* Begin PBXShellScriptBuildPhase section */
		534E49A4598A5FB2A9E3DC13 /* [CP] Check Pods Manifest.lock */ = {
			isa = PBXShellScriptBuildPhase;
			buildActionMask = 2147483647;
			files = (
			);
			inputFileListPaths = (
			);
			inputPaths = (
				"${PODS_PODFILE_DIR_PATH}/Podfile.lock",
				"${PODS_ROOT}/Manifest.lock",
			);
			name = "[CP] Check Pods Manifest.lock";
			outputFileListPaths = (
			);
			outputPaths = (
				"$(DERIVED_FILE_DIR)/Pods-NewMap-checkManifestLockResult.txt",
			);
			runOnlyForDeploymentPostprocessing = 0;
			shellPath = /bin/sh;
			shellScript = "diff \"${PODS_PODFILE_DIR_PATH}/Podfile.lock\" \"${PODS_ROOT}/Manifest.lock\" > /dev/null\nif [ $? != 0 ] ; then\n    # print error to STDERR\n    echo \"error: The sandbox is not in sync with the Podfile.lock. Run 'pod install' or update your CocoaPods installation.\" >&2\n    exit 1\nfi\n# This output is used by Xcode 'outputs' to avoid re-running this script phase.\necho \"SUCCESS\" > \"${SCRIPT_OUTPUT_FILE_0}\"\n";
			showEnvVarsInLog = 0;
		};
		E84572480F7C6F46DB86F349 /* [CP] Copy Pods Resources */ = {
			isa = PBXShellScriptBuildPhase;
			buildActionMask = 2147483647;
			files = (
			);
			inputFileListPaths = (
				"${PODS_ROOT}/Target Support Files/Pods-NewMap/Pods-NewMap-resources-${CONFIGURATION}-input-files.xcfilelist",
			);
			name = "[CP] Copy Pods Resources";
			outputFileListPaths = (
				"${PODS_ROOT}/Target Support Files/Pods-NewMap/Pods-NewMap-resources-${CONFIGURATION}-output-files.xcfilelist",
			);
			runOnlyForDeploymentPostprocessing = 0;
			shellPath = /bin/sh;
			shellScript = "\"${PODS_ROOT}/Target Support Files/Pods-NewMap/Pods-NewMap-resources.sh\"\n";
			showEnvVarsInLog = 0;
		};
/* End PBXShellScriptBuildPhase section */

/* Begin PBXSourcesBuildPhase section */
		B3183B4928F9559F00853095 /* Sources */ = {
			isa = PBXSourcesBuildPhase;
			buildActionMask = 2147483647;
			files = (
				B3183B6328F9561300853095 /* AppDelegate.swift in Sources */,
				B3183B6528F9561B00853095 /* MapView.swift in Sources */,
				B3183B5328F9559F00853095 /* ContentView.swift in Sources */,
				B3183B5128F9559F00853095 /* NewMapApp.swift in Sources */,
			);
			runOnlyForDeploymentPostprocessing = 0;
		};
/* End PBXSourcesBuildPhase section */

/* Begin XCBuildConfiguration section */
		B3183B5928F955A100853095 /* Debug */ = {
			isa = XCBuildConfiguration;
			buildSettings = {
				ALWAYS_SEARCH_USER_PATHS = NO;
				CLANG_ANALYZER_NONNULL = YES;
				CLANG_ANALYZER_NUMBER_OBJECT_CONVERSION = YES_AGGRESSIVE;
				CLANG_CXX_LANGUAGE_STANDARD = "gnu++20";
				CLANG_ENABLE_MODULES = YES;
				CLANG_ENABLE_OBJC_ARC = YES;
				CLANG_ENABLE_OBJC_WEAK = YES;
				CLANG_WARN_BLOCK_CAPTURE_AUTORELEASING = YES;
				CLANG_WARN_BOOL_CONVERSION = YES;
				CLANG_WARN_COMMA = YES;
				CLANG_WARN_CONSTANT_CONVERSION = YES;
				CLANG_WARN_DEPRECATED_OBJC_IMPLEMENTATIONS = YES;
				CLANG_WARN_DIRECT_OBJC_ISA_USAGE = YES_ERROR;
				CLANG_WARN_DOCUMENTATION_COMMENTS = YES;
				CLANG_WARN_EMPTY_BODY = YES;
				CLANG_WARN_ENUM_CONVERSION = YES;
				CLANG_WARN_INFINITE_RECURSION = YES;
				CLANG_WARN_INT_CONVERSION = YES;
				CLANG_WARN_NON_LITERAL_NULL_CONVERSION = YES;
				CLANG_WARN_OBJC_IMPLICIT_RETAIN_SELF = YES;
				CLANG_WARN_OBJC_LITERAL_CONVERSION = YES;
				CLANG_WARN_OBJC_ROOT_CLASS = YES_ERROR;
				CLANG_WARN_QUOTED_INCLUDE_IN_FRAMEWORK_HEADER = YES;
				CLANG_WARN_RANGE_LOOP_ANALYSIS = YES;
				CLANG_WARN_STRICT_PROTOTYPES = YES;
				CLANG_WARN_SUSPICIOUS_MOVE = YES;
				CLANG_WARN_UNGUARDED_AVAILABILITY = YES_AGGRESSIVE;
				CLANG_WARN_UNREACHABLE_CODE = YES;
				CLANG_WARN__DUPLICATE_METHOD_MATCH = YES;
				COPY_PHASE_STRIP = NO;
				DEBUG_INFORMATION_FORMAT = dwarf;
				ENABLE_STRICT_OBJC_MSGSEND = YES;
				ENABLE_TESTABILITY = YES;
				GCC_C_LANGUAGE_STANDARD = gnu11;
				GCC_DYNAMIC_NO_PIC = NO;
				GCC_NO_COMMON_BLOCKS = YES;
				GCC_OPTIMIZATION_LEVEL = 0;
				GCC_PREPROCESSOR_DEFINITIONS = (
					"DEBUG=1",
					"$(inherited)",
				);
				GCC_WARN_64_TO_32_BIT_CONVERSION = YES;
				GCC_WARN_ABOUT_RETURN_TYPE = YES_ERROR;
				GCC_WARN_UNDECLARED_SELECTOR = YES;
				GCC_WARN_UNINITIALIZED_AUTOS = YES_AGGRESSIVE;
				GCC_WARN_UNUSED_FUNCTION = YES;
				GCC_WARN_UNUSED_VARIABLE = YES;
				IPHONEOS_DEPLOYMENT_TARGET = 16.0;
				MTL_ENABLE_DEBUG_INFO = INCLUDE_SOURCE;
				MTL_FAST_MATH = YES;
				ONLY_ACTIVE_ARCH = YES;
				SDKROOT = iphoneos;
				SWIFT_ACTIVE_COMPILATION_CONDITIONS = DEBUG;
				SWIFT_OPTIMIZATION_LEVEL = "-Onone";
			};
			name = Debug;
		};
		B3183B5A28F955A100853095 /* Release */ = {
			isa = XCBuildConfiguration;
			buildSettings = {
				ALWAYS_SEARCH_USER_PATHS = NO;
				CLANG_ANALYZER_NONNULL = YES;
				CLANG_ANALYZER_NUMBER_OBJECT_CONVERSION = YES_AGGRESSIVE;
				CLANG_CXX_LANGUAGE_STANDARD = "gnu++20";
				CLANG_ENABLE_MODULES = YES;
				CLANG_ENABLE_OBJC_ARC = YES;
				CLANG_ENABLE_OBJC_WEAK = YES;
				CLANG_WARN_BLOCK_CAPTURE_AUTORELEASING = YES;
				CLANG_WARN_BOOL_CONVERSION = YES;
				CLANG_WARN_COMMA = YES;
				CLANG_WARN_CONSTANT_CONVERSION = YES;
				CLANG_WARN_DEPRECATED_OBJC_IMPLEMENTATIONS = YES;
				CLANG_WARN_DIRECT_OBJC_ISA_USAGE = YES_ERROR;
				CLANG_WARN_DOCUMENTATION_COMMENTS = YES;
				CLANG_WARN_EMPTY_BODY = YES;
				CLANG_WARN_ENUM_CONVERSION = YES;
				CLANG_WARN_INFINITE_RECURSION = YES;
				CLANG_WARN_INT_CONVERSION = YES;
				CLANG_WARN_NON_LITERAL_NULL_CONVERSION = YES;
				CLANG_WARN_OBJC_IMPLICIT_RETAIN_SELF = YES;
				CLANG_WARN_OBJC_LITERAL_CONVERSION = YES;
				CLANG_WARN_OBJC_ROOT_CLASS = YES_ERROR;
				CLANG_WARN_QUOTED_INCLUDE_IN_FRAMEWORK_HEADER = YES;
				CLANG_WARN_RANGE_LOOP_ANALYSIS = YES;
				CLANG_WARN_STRICT_PROTOTYPES = YES;
				CLANG_WARN_SUSPICIOUS_MOVE = YES;
				CLANG_WARN_UNGUARDED_AVAILABILITY = YES_AGGRESSIVE;
				CLANG_WARN_UNREACHABLE_CODE = YES;
				CLANG_WARN__DUPLICATE_METHOD_MATCH = YES;
				COPY_PHASE_STRIP = NO;
				DEBUG_INFORMATION_FORMAT = "dwarf-with-dsym";
				ENABLE_NS_ASSERTIONS = NO;
				ENABLE_STRICT_OBJC_MSGSEND = YES;
				GCC_C_LANGUAGE_STANDARD = gnu11;
				GCC_NO_COMMON_BLOCKS = YES;
				GCC_WARN_64_TO_32_BIT_CONVERSION = YES;
				GCC_WARN_ABOUT_RETURN_TYPE = YES_ERROR;
				GCC_WARN_UNDECLARED_SELECTOR = YES;
				GCC_WARN_UNINITIALIZED_AUTOS = YES_AGGRESSIVE;
				GCC_WARN_UNUSED_FUNCTION = YES;
				GCC_WARN_UNUSED_VARIABLE = YES;
				IPHONEOS_DEPLOYMENT_TARGET = 16.0;
				MTL_ENABLE_DEBUG_INFO = NO;
				MTL_FAST_MATH = YES;
				SDKROOT = iphoneos;
				SWIFT_COMPILATION_MODE = wholemodule;
				SWIFT_OPTIMIZATION_LEVEL = "-O";
				VALIDATE_PRODUCT = YES;
			};
			name = Release;
		};
		B3183B5C28F955A100853095 /* Debug */ = {
			isa = XCBuildConfiguration;
			baseConfigurationReference = 9396412679AD7F9C070881BA /* Pods-NewMap.debug.xcconfig */;
			buildSettings = {
				ASSETCATALOG_COMPILER_APPICON_NAME = AppIcon;
				ASSETCATALOG_COMPILER_GLOBAL_ACCENT_COLOR_NAME = AccentColor;
				CODE_SIGN_STYLE = Automatic;
				CURRENT_PROJECT_VERSION = 1;
				DEVELOPMENT_ASSET_PATHS = "\"NewMap/Preview Content\"";
				ENABLE_PREVIEWS = YES;
				GENERATE_INFOPLIST_FILE = YES;
				INFOPLIST_KEY_UIApplicationSceneManifest_Generation = YES;
				INFOPLIST_KEY_UIApplicationSupportsIndirectInputEvents = YES;
				INFOPLIST_KEY_UILaunchScreen_Generation = YES;
				INFOPLIST_KEY_UISupportedInterfaceOrientations_iPad = "UIInterfaceOrientationPortrait UIInterfaceOrientationPortraitUpsideDown UIInterfaceOrientationLandscapeLeft UIInterfaceOrientationLandscapeRight";
				INFOPLIST_KEY_UISupportedInterfaceOrientations_iPhone = "UIInterfaceOrientationPortrait UIInterfaceOrientationLandscapeLeft UIInterfaceOrientationLandscapeRight";
				LD_RUNPATH_SEARCH_PATHS = (
					"$(inherited)",
					"@executable_path/Frameworks",
				);
				MARKETING_VERSION = 1.0;
				PRODUCT_BUNDLE_IDENTIFIER = org.habitatmap.AirCasting;
				PRODUCT_NAME = "$(TARGET_NAME)";
				SWIFT_EMIT_LOC_STRINGS = YES;
				SWIFT_VERSION = 5.0;
				TARGETED_DEVICE_FAMILY = "1,2";
			};
			name = Debug;
		};
		B3183B5D28F955A100853095 /* Release */ = {
			isa = XCBuildConfiguration;
			baseConfigurationReference = C220CF4CAE7D470C2B23F028 /* Pods-NewMap.release.xcconfig */;
			buildSettings = {
				ASSETCATALOG_COMPILER_APPICON_NAME = AppIcon;
				ASSETCATALOG_COMPILER_GLOBAL_ACCENT_COLOR_NAME = AccentColor;
				CODE_SIGN_STYLE = Automatic;
				CURRENT_PROJECT_VERSION = 1;
				DEVELOPMENT_ASSET_PATHS = "\"NewMap/Preview Content\"";
				ENABLE_PREVIEWS = YES;
				GENERATE_INFOPLIST_FILE = YES;
				INFOPLIST_KEY_UIApplicationSceneManifest_Generation = YES;
				INFOPLIST_KEY_UIApplicationSupportsIndirectInputEvents = YES;
				INFOPLIST_KEY_UILaunchScreen_Generation = YES;
				INFOPLIST_KEY_UISupportedInterfaceOrientations_iPad = "UIInterfaceOrientationPortrait UIInterfaceOrientationPortraitUpsideDown UIInterfaceOrientationLandscapeLeft UIInterfaceOrientationLandscapeRight";
				INFOPLIST_KEY_UISupportedInterfaceOrientations_iPhone = "UIInterfaceOrientationPortrait UIInterfaceOrientationLandscapeLeft UIInterfaceOrientationLandscapeRight";
				LD_RUNPATH_SEARCH_PATHS = (
					"$(inherited)",
					"@executable_path/Frameworks",
				);
				MARKETING_VERSION = 1.0;
				PRODUCT_BUNDLE_IDENTIFIER = org.habitatmap.AirCasting;
				PRODUCT_NAME = "$(TARGET_NAME)";
				SWIFT_EMIT_LOC_STRINGS = YES;
				SWIFT_VERSION = 5.0;
				TARGETED_DEVICE_FAMILY = "1,2";
			};
			name = Release;
		};
/* End XCBuildConfiguration section */

/* Begin XCConfigurationList section */
		B3183B4828F9559F00853095 /* Build configuration list for PBXProject "NewMap" */ = {
			isa = XCConfigurationList;
			buildConfigurations = (
				B3183B5928F955A100853095 /* Debug */,
				B3183B5A28F955A100853095 /* Release */,
			);
			defaultConfigurationIsVisible = 0;
			defaultConfigurationName = Release;
		};
		B3183B5B28F955A100853095 /* Build configuration list for PBXNativeTarget "NewMap" */ = {
			isa = XCConfigurationList;
			buildConfigurations = (
				B3183B5C28F955A100853095 /* Debug */,
				B3183B5D28F955A100853095 /* Release */,
			);
			defaultConfigurationIsVisible = 0;
			defaultConfigurationName = Release;
		};
/* End XCConfigurationList section */
	};
	rootObject = B3183B4528F9559F00853095 /* Project object */;
}
