// !$*UTF8*$!
{
	archiveVersion = 1;
	classes = {
	};
	objectVersion = 54;
	objects = {

/* Begin PBXBuildFile section */
		331EA80A25E32094009DEFDB /* ConfirmCreatingSessionView.swift in Sources */ = {isa = PBXBuildFile; fileRef = 331EA80925E32094009DEFDB /* ConfirmCreatingSessionView.swift */; };
		3362B4ED25E69987008D61BA /* AddNameAndTagsView.swift in Sources */ = {isa = PBXBuildFile; fileRef = 3362B4EC25E69987008D61BA /* AddNameAndTagsView.swift */; };
		338C30E225F1044B00E0305C /* Persistance.swift in Sources */ = {isa = PBXBuildFile; fileRef = 338C30E125F1044B00E0305C /* Persistance.swift */; };
		338C30E825F10BFE00E0305C /* AirCasting.xcdatamodeld in Sources */ = {isa = PBXBuildFile; fileRef = 338C30E625F10BFE00E0305C /* AirCasting.xcdatamodeld */; };
		AC049F7F2604B7AF00398197 /* AuthErorrHandling.swift in Sources */ = {isa = PBXBuildFile; fileRef = AC049F7E2604B7AF00398197 /* AuthErorrHandling.swift */; };
		AC049F872608B74C00398197 /* FixedSession.swift in Sources */ = {isa = PBXBuildFile; fileRef = AC049F862608B74C00398197 /* FixedSession.swift */; };
		AC049F8B2608DCB000398197 /* Session+Mock.swift in Sources */ = {isa = PBXBuildFile; fileRef = AC049F8A2608DCB000398197 /* Session+Mock.swift */; };
		AC1471A325F23AE40062A53F /* CreateSessionAPI.swift in Sources */ = {isa = PBXBuildFile; fileRef = AC1471A225F23AE40062A53F /* CreateSessionAPI.swift */; };
		AC1DAD4525C9858C009AC4D1 /* SelectPeripheralView.swift in Sources */ = {isa = PBXBuildFile; fileRef = AC1DAD4425C9858C009AC4D1 /* SelectPeripheralView.swift */; };
		AC1DAD4925C987B3009AC4D1 /* BluetoothManager.swift in Sources */ = {isa = PBXBuildFile; fileRef = AC1DAD4825C987B3009AC4D1 /* BluetoothManager.swift */; };
		AC3203CB25CA991C00A68520 /* TurnOnBluetoothView.swift in Sources */ = {isa = PBXBuildFile; fileRef = AC3203CA25CA991C00A68520 /* TurnOnBluetoothView.swift */; };
		AC32040425CC067D00A68520 /* CheckBox.swift in Sources */ = {isa = PBXBuildFile; fileRef = AC32040325CC067D00A68520 /* CheckBox.swift */; };
		AC32041C25CC46EF00A68520 /* PowerABView.swift in Sources */ = {isa = PBXBuildFile; fileRef = AC32041B25CC46EF00A68520 /* PowerABView.swift */; };
		AC32041F25CC485E00A68520 /* ConnectingABView.swift in Sources */ = {isa = PBXBuildFile; fileRef = AC32041E25CC485E00A68520 /* ConnectingABView.swift */; };
		AC32043625CD534700A68520 /* ChooseSessionTypeView.swift in Sources */ = {isa = PBXBuildFile; fileRef = AC32043525CD534700A68520 /* ChooseSessionTypeView.swift */; };
		AC489B5C2603614E00CEEC48 /* MoreInfoPopupView.swift in Sources */ = {isa = PBXBuildFile; fileRef = AC489B5B2603614E00CEEC48 /* MoreInfoPopupView.swift */; };
		AC4EC6BC25B5ABB700C1E312 /* StatisticsContainerView.swift in Sources */ = {isa = PBXBuildFile; fileRef = AC4EC6BB25B5ABB700C1E312 /* StatisticsContainerView.swift */; };
		AC4EC6C125B6F18A00C1E312 /* EditButtonView.swift in Sources */ = {isa = PBXBuildFile; fileRef = AC4EC6C025B6F18A00C1E312 /* EditButtonView.swift */; };
		AC4EC6C425B6FE0D00C1E312 /* HeatmapSettingsView.swift in Sources */ = {isa = PBXBuildFile; fileRef = AC4EC6C325B6FE0D00C1E312 /* HeatmapSettingsView.swift */; };
		AC5832DA25B196DD008C5DD5 /* Graph.swift in Sources */ = {isa = PBXBuildFile; fileRef = AC5832D925B196DD008C5DD5 /* Graph.swift */; };
		AC5EF71D25C8178B003657B1 /* EmptyDashboardView.swift in Sources */ = {isa = PBXBuildFile; fileRef = AC5EF71C25C8178B003657B1 /* EmptyDashboardView.swift */; };
		AC5EF72125C81882003657B1 /* DashboardView.swift in Sources */ = {isa = PBXBuildFile; fileRef = AC5EF72025C81882003657B1 /* DashboardView.swift */; };
		AC5EF76125C84888003657B1 /* GoogleService-Info.plist in Resources */ = {isa = PBXBuildFile; fileRef = AC5EF76025C84888003657B1 /* GoogleService-Info.plist */; };
		AC6D567C25AC540D00D221BA /* Charts in Frameworks */ = {isa = PBXBuildFile; productRef = AC6D567B25AC540D00D221BA /* Charts */; };
		AC6D567F25AC54A400D221BA /* ChartView.swift in Sources */ = {isa = PBXBuildFile; fileRef = AC6D567E25AC54A400D221BA /* ChartView.swift */; };
		AC6D569A25ADE57800D221BA /* GrayButtonStyle.swift in Sources */ = {isa = PBXBuildFile; fileRef = AC6D569925ADE57800D221BA /* GrayButtonStyle.swift */; };
		AC6D569F25AEEAE700D221BA /* SessionHeaderView.swift in Sources */ = {isa = PBXBuildFile; fileRef = AC6D569E25AEEAE700D221BA /* SessionHeaderView.swift */; };
		AC6D56A225AEF55C00D221BA /* GraphView.swift in Sources */ = {isa = PBXBuildFile; fileRef = AC6D56A125AEF55C00D221BA /* GraphView.swift */; };
		AC6D56A525AF211200D221BA /* MultiSliderView.swift in Sources */ = {isa = PBXBuildFile; fileRef = AC6D56A425AF211200D221BA /* MultiSliderView.swift */; };
		AC7AB09225D988CD0025492B /* WhiteSelectingButtonStyle.swift in Sources */ = {isa = PBXBuildFile; fileRef = AC7AB09125D988CD0025492B /* WhiteSelectingButtonStyle.swift */; };
		AC7EB37625A6FB3A00A7F2AF /* AirCastingApp.swift in Sources */ = {isa = PBXBuildFile; fileRef = AC7EB37525A6FB3A00A7F2AF /* AirCastingApp.swift */; };
		AC7EB37825A6FB3A00A7F2AF /* MainTabBarView.swift in Sources */ = {isa = PBXBuildFile; fileRef = AC7EB37725A6FB3A00A7F2AF /* MainTabBarView.swift */; };
		AC7EB37A25A6FB3D00A7F2AF /* Assets.xcassets in Resources */ = {isa = PBXBuildFile; fileRef = AC7EB37925A6FB3D00A7F2AF /* Assets.xcassets */; };
		AC7EB37D25A6FB3D00A7F2AF /* Preview Assets.xcassets in Resources */ = {isa = PBXBuildFile; fileRef = AC7EB37C25A6FB3D00A7F2AF /* Preview Assets.xcassets */; };
		AC7EB39E25A7152000A7F2AF /* Moderat-Trial-Medium.otf in Resources */ = {isa = PBXBuildFile; fileRef = AC7EB38825A7152000A7F2AF /* Moderat-Trial-Medium.otf */; };
		AC7EB39F25A7152000A7F2AF /* Muli-ExtraLight.ttf in Resources */ = {isa = PBXBuildFile; fileRef = AC7EB38925A7152000A7F2AF /* Muli-ExtraLight.ttf */; };
		AC7EB3A025A7152000A7F2AF /* Muli-ExtraLightItalic.ttf in Resources */ = {isa = PBXBuildFile; fileRef = AC7EB38A25A7152000A7F2AF /* Muli-ExtraLightItalic.ttf */; };
		AC7EB3A125A7152000A7F2AF /* Muli-BoldItalic.ttf in Resources */ = {isa = PBXBuildFile; fileRef = AC7EB38B25A7152000A7F2AF /* Muli-BoldItalic.ttf */; };
		AC7EB3A225A7152000A7F2AF /* Moderat-Trial-Bold.otf in Resources */ = {isa = PBXBuildFile; fileRef = AC7EB38C25A7152000A7F2AF /* Moderat-Trial-Bold.otf */; };
		AC7EB3A325A7152000A7F2AF /* Muli-Black.ttf in Resources */ = {isa = PBXBuildFile; fileRef = AC7EB38D25A7152000A7F2AF /* Muli-Black.ttf */; };
		AC7EB3A425A7152000A7F2AF /* Muli-Italic-VariableFont_wght.ttf in Resources */ = {isa = PBXBuildFile; fileRef = AC7EB38E25A7152000A7F2AF /* Muli-Italic-VariableFont_wght.ttf */; };
		AC7EB3A525A7152000A7F2AF /* Muli-MediumItalic.ttf in Resources */ = {isa = PBXBuildFile; fileRef = AC7EB38F25A7152000A7F2AF /* Muli-MediumItalic.ttf */; };
		AC7EB3A625A7152000A7F2AF /* Muli-ExtraBold.ttf in Resources */ = {isa = PBXBuildFile; fileRef = AC7EB39025A7152000A7F2AF /* Muli-ExtraBold.ttf */; };
		AC7EB3A725A7152000A7F2AF /* Muli-Bold.ttf in Resources */ = {isa = PBXBuildFile; fileRef = AC7EB39125A7152000A7F2AF /* Muli-Bold.ttf */; };
		AC7EB3A825A7152000A7F2AF /* Muli-ExtraBoldItalic.ttf in Resources */ = {isa = PBXBuildFile; fileRef = AC7EB39225A7152000A7F2AF /* Muli-ExtraBoldItalic.ttf */; };
		AC7EB3AA25A7152000A7F2AF /* Muli-Italic.ttf in Resources */ = {isa = PBXBuildFile; fileRef = AC7EB39425A7152000A7F2AF /* Muli-Italic.ttf */; };
		AC7EB3AB25A7152000A7F2AF /* Muli-SemiBold.ttf in Resources */ = {isa = PBXBuildFile; fileRef = AC7EB39525A7152000A7F2AF /* Muli-SemiBold.ttf */; };
		AC7EB3AC25A7152000A7F2AF /* Muli-SemiBoldItalic.ttf in Resources */ = {isa = PBXBuildFile; fileRef = AC7EB39625A7152000A7F2AF /* Muli-SemiBoldItalic.ttf */; };
		AC7EB3AD25A7152000A7F2AF /* Moderat-Trial-Regular.otf in Resources */ = {isa = PBXBuildFile; fileRef = AC7EB39725A7152000A7F2AF /* Moderat-Trial-Regular.otf */; };
		AC7EB3AE25A7152000A7F2AF /* Muli-BlackItalic.ttf in Resources */ = {isa = PBXBuildFile; fileRef = AC7EB39825A7152000A7F2AF /* Muli-BlackItalic.ttf */; };
		AC7EB3B025A7152000A7F2AF /* Muli-Light.ttf in Resources */ = {isa = PBXBuildFile; fileRef = AC7EB39A25A7152000A7F2AF /* Muli-Light.ttf */; };
		AC7EB3B125A7152000A7F2AF /* Muli-Regular.ttf in Resources */ = {isa = PBXBuildFile; fileRef = AC7EB39B25A7152000A7F2AF /* Muli-Regular.ttf */; };
		AC7EB3B225A7152000A7F2AF /* Muli-LightItalic.ttf in Resources */ = {isa = PBXBuildFile; fileRef = AC7EB39C25A7152000A7F2AF /* Muli-LightItalic.ttf */; };
		AC7EB3B325A7152000A7F2AF /* Moderat-Trial-Black.otf in Resources */ = {isa = PBXBuildFile; fileRef = AC7EB39D25A7152000A7F2AF /* Moderat-Trial-Black.otf */; };
		AC86EE6B25D03DC00083F8C0 /* SelectDeviceView.swift in Sources */ = {isa = PBXBuildFile; fileRef = AC86EE6A25D03DC00083F8C0 /* SelectDeviceView.swift */; };
		AC8CFF3625E502DD00FB2918 /* CreateAccountView.swift in Sources */ = {isa = PBXBuildFile; fileRef = AC8CFF3525E502DD00FB2918 /* CreateAccountView.swift */; };
		AC8CFF4125E5095600FB2918 /* Textfield.swift in Sources */ = {isa = PBXBuildFile; fileRef = AC8CFF4025E5095600FB2918 /* Textfield.swift */; };
		AC8CFF4525E510CB00FB2918 /* AuthorizationAPI.swift in Sources */ = {isa = PBXBuildFile; fileRef = AC8CFF4425E510CB00FB2918 /* AuthorizationAPI.swift */; };
		AC8CFF5C25E6866100FB2918 /* SignInView.swift in Sources */ = {isa = PBXBuildFile; fileRef = AC8CFF5B25E6866100FB2918 /* SignInView.swift */; };
		AC8CFF7225E7DA2D00FB2918 /* ABMeasurementStream.swift in Sources */ = {isa = PBXBuildFile; fileRef = AC8CFF7125E7DA2D00FB2918 /* ABMeasurementStream.swift */; };
		AC8CFF7725ECF8B100FB2918 /* HexMessagesBuilder.swift in Sources */ = {isa = PBXBuildFile; fileRef = AC8CFF7625ECF8B100FB2918 /* HexMessagesBuilder.swift */; };
		AC8CFF7E25EE5F9200FB2918 /* AirBeam3Configurator.swift in Sources */ = {isa = PBXBuildFile; fileRef = AC8CFF7D25EE5F9200FB2918 /* AirBeam3Configurator.swift */; };
		AC8D6C6A25C049E300ED74D1 /* Environment.swift in Sources */ = {isa = PBXBuildFile; fileRef = AC8D6C6925C049E300ED74D1 /* Environment.swift */; };
		AC8D6C6E25C056B400ED74D1 /* PathPoint.swift in Sources */ = {isa = PBXBuildFile; fileRef = AC8D6C6D25C056B400ED74D1 /* PathPoint.swift */; };
		AC8D6C7225C0574800ED74D1 /* LocationTracker.swift in Sources */ = {isa = PBXBuildFile; fileRef = AC8D6C7125C0574800ED74D1 /* LocationTracker.swift */; };
		AC93B8DA25BEDC46003D0A0D /* Array.swift in Sources */ = {isa = PBXBuildFile; fileRef = AC93B8D925BEDC46003D0A0D /* Array.swift */; };
		AC93B8E725BEFE4F003D0A0D /* AirMapView.swift in Sources */ = {isa = PBXBuildFile; fileRef = AC93B8E625BEFE4F003D0A0D /* AirMapView.swift */; };
		AC93B8FE25C02E0B003D0A0D /* GoogleMapView.swift in Sources */ = {isa = PBXBuildFile; fileRef = AC93B8FD25C02E0B003D0A0D /* GoogleMapView.swift */; };
		AC960C7825DD39F500EC95DD /* ABConnectedView.swift in Sources */ = {isa = PBXBuildFile; fileRef = AC960C7725DD39F500EC95DD /* ABConnectedView.swift */; };
		ACD01F4025F8C1F800B8F65F /* SessionContext.swift in Sources */ = {isa = PBXBuildFile; fileRef = ACD01F3F25F8C1F800B8F65F /* SessionContext.swift */; };
		ACD01F7325FF574A00B8F65F /* WifiPopupView.swift in Sources */ = {isa = PBXBuildFile; fileRef = ACD01F7225FF574A00B8F65F /* WifiPopupView.swift */; };
		ACD01F7625FF61CE00B8F65F /* LocationProvider.swift in Sources */ = {isa = PBXBuildFile; fileRef = ACD01F7525FF61CE00B8F65F /* LocationProvider.swift */; };
		ACD01F7B25FF6C3300B8F65F /* BlueTextButtonStyle.swift in Sources */ = {isa = PBXBuildFile; fileRef = ACD01F7A25FF6C3300B8F65F /* BlueTextButtonStyle.swift */; };
		ACD01F922600A3C800B8F65F /* RootAppView.swift in Sources */ = {isa = PBXBuildFile; fileRef = ACD01F912600A3C800B8F65F /* RootAppView.swift */; };
		ACD01F952600A54400B8F65F /* UserDefaults+Preferences.swift in Sources */ = {isa = PBXBuildFile; fileRef = ACD01F942600A54400B8F65F /* UserDefaults+Preferences.swift */; };
		ACD32A4F2600A8DD00818946 /* SettingsView.swift in Sources */ = {isa = PBXBuildFile; fileRef = ACD32A4E2600A8DD00818946 /* SettingsView.swift */; };
		ACF77DF025A750C200BB85B7 /* Font.swift in Sources */ = {isa = PBXBuildFile; fileRef = ACF77DEF25A750C200BB85B7 /* Font.swift */; };
		ACF77DF425A750E000BB85B7 /* Color.swift in Sources */ = {isa = PBXBuildFile; fileRef = ACF77DF325A750E000BB85B7 /* Color.swift */; };
		ACF77DF825A866E700BB85B7 /* BlueButtonStyle.swift in Sources */ = {isa = PBXBuildFile; fileRef = ACF77DF725A866E700BB85B7 /* BlueButtonStyle.swift */; };
		ACF77DFB25A8888700BB85B7 /* SessionCellView.swift in Sources */ = {isa = PBXBuildFile; fileRef = ACF77DFA25A8888700BB85B7 /* SessionCellView.swift */; };
		ACFC708925C1A36A00D609D9 /* UIColor.swift in Sources */ = {isa = PBXBuildFile; fileRef = ACFC708825C1A36A00D609D9 /* UIColor.swift */; };
		F76B6F660F0BD398629EDD83 /* Pods_AirCasting.framework in Frameworks */ = {isa = PBXBuildFile; fileRef = 8E819223F8D800D3B8ED8F56 /* Pods_AirCasting.framework */; };
/* End PBXBuildFile section */

/* Begin PBXFileReference section */
		278FFE79104B8F74B61CE3A2 /* Pods-AirCasting.release.xcconfig */ = {isa = PBXFileReference; includeInIndex = 1; lastKnownFileType = text.xcconfig; name = "Pods-AirCasting.release.xcconfig"; path = "Target Support Files/Pods-AirCasting/Pods-AirCasting.release.xcconfig"; sourceTree = "<group>"; };
		331EA80925E32094009DEFDB /* ConfirmCreatingSessionView.swift */ = {isa = PBXFileReference; lastKnownFileType = sourcecode.swift; path = ConfirmCreatingSessionView.swift; sourceTree = "<group>"; };
		3362B4EC25E69987008D61BA /* AddNameAndTagsView.swift */ = {isa = PBXFileReference; lastKnownFileType = sourcecode.swift; path = AddNameAndTagsView.swift; sourceTree = "<group>"; };
		338C30E125F1044B00E0305C /* Persistance.swift */ = {isa = PBXFileReference; lastKnownFileType = sourcecode.swift; path = Persistance.swift; sourceTree = "<group>"; };
		338C30E725F10BFE00E0305C /* AirCasting.xcdatamodel */ = {isa = PBXFileReference; lastKnownFileType = wrapper.xcdatamodel; path = AirCasting.xcdatamodel; sourceTree = "<group>"; };
		80BDC4331283D7705B8C8952 /* Pods-AirCasting.debug.xcconfig */ = {isa = PBXFileReference; includeInIndex = 1; lastKnownFileType = text.xcconfig; name = "Pods-AirCasting.debug.xcconfig"; path = "Target Support Files/Pods-AirCasting/Pods-AirCasting.debug.xcconfig"; sourceTree = "<group>"; };
		8E819223F8D800D3B8ED8F56 /* Pods_AirCasting.framework */ = {isa = PBXFileReference; explicitFileType = wrapper.framework; includeInIndex = 0; path = Pods_AirCasting.framework; sourceTree = BUILT_PRODUCTS_DIR; };
		AC049F7E2604B7AF00398197 /* AuthErorrHandling.swift */ = {isa = PBXFileReference; lastKnownFileType = sourcecode.swift; path = AuthErorrHandling.swift; sourceTree = "<group>"; };
		AC049F862608B74C00398197 /* FixedSession.swift */ = {isa = PBXFileReference; lastKnownFileType = sourcecode.swift; path = FixedSession.swift; sourceTree = "<group>"; };
		AC049F8A2608DCB000398197 /* Session+Mock.swift */ = {isa = PBXFileReference; lastKnownFileType = sourcecode.swift; path = "Session+Mock.swift"; sourceTree = "<group>"; };
		AC1471A225F23AE40062A53F /* CreateSessionAPI.swift */ = {isa = PBXFileReference; lastKnownFileType = sourcecode.swift; path = CreateSessionAPI.swift; sourceTree = "<group>"; };
		AC1DAD4425C9858C009AC4D1 /* SelectPeripheralView.swift */ = {isa = PBXFileReference; lastKnownFileType = sourcecode.swift; path = SelectPeripheralView.swift; sourceTree = "<group>"; };
		AC1DAD4825C987B3009AC4D1 /* BluetoothManager.swift */ = {isa = PBXFileReference; lastKnownFileType = sourcecode.swift; path = BluetoothManager.swift; sourceTree = "<group>"; };
		AC3203CA25CA991C00A68520 /* TurnOnBluetoothView.swift */ = {isa = PBXFileReference; lastKnownFileType = sourcecode.swift; path = TurnOnBluetoothView.swift; sourceTree = "<group>"; };
		AC32040325CC067D00A68520 /* CheckBox.swift */ = {isa = PBXFileReference; lastKnownFileType = sourcecode.swift; path = CheckBox.swift; sourceTree = "<group>"; };
		AC32041B25CC46EF00A68520 /* PowerABView.swift */ = {isa = PBXFileReference; lastKnownFileType = sourcecode.swift; path = PowerABView.swift; sourceTree = "<group>"; };
		AC32041E25CC485E00A68520 /* ConnectingABView.swift */ = {isa = PBXFileReference; lastKnownFileType = sourcecode.swift; path = ConnectingABView.swift; sourceTree = "<group>"; };
		AC32043525CD534700A68520 /* ChooseSessionTypeView.swift */ = {isa = PBXFileReference; lastKnownFileType = sourcecode.swift; path = ChooseSessionTypeView.swift; sourceTree = "<group>"; };
		AC489B5B2603614E00CEEC48 /* MoreInfoPopupView.swift */ = {isa = PBXFileReference; lastKnownFileType = sourcecode.swift; path = MoreInfoPopupView.swift; sourceTree = "<group>"; };
		AC4EC6BB25B5ABB700C1E312 /* StatisticsContainerView.swift */ = {isa = PBXFileReference; lastKnownFileType = sourcecode.swift; path = StatisticsContainerView.swift; sourceTree = "<group>"; };
		AC4EC6C025B6F18A00C1E312 /* EditButtonView.swift */ = {isa = PBXFileReference; lastKnownFileType = sourcecode.swift; path = EditButtonView.swift; sourceTree = "<group>"; };
		AC4EC6C325B6FE0D00C1E312 /* HeatmapSettingsView.swift */ = {isa = PBXFileReference; lastKnownFileType = sourcecode.swift; path = HeatmapSettingsView.swift; sourceTree = "<group>"; };
		AC5832D925B196DD008C5DD5 /* Graph.swift */ = {isa = PBXFileReference; lastKnownFileType = sourcecode.swift; path = Graph.swift; sourceTree = "<group>"; };
		AC5EF71C25C8178B003657B1 /* EmptyDashboardView.swift */ = {isa = PBXFileReference; lastKnownFileType = sourcecode.swift; path = EmptyDashboardView.swift; sourceTree = "<group>"; };
		AC5EF72025C81882003657B1 /* DashboardView.swift */ = {isa = PBXFileReference; lastKnownFileType = sourcecode.swift; path = DashboardView.swift; sourceTree = "<group>"; };
		AC5EF76025C84888003657B1 /* GoogleService-Info.plist */ = {isa = PBXFileReference; lastKnownFileType = text.plist; path = "GoogleService-Info.plist"; sourceTree = SOURCE_ROOT; };
		AC6D567E25AC54A400D221BA /* ChartView.swift */ = {isa = PBXFileReference; lastKnownFileType = sourcecode.swift; path = ChartView.swift; sourceTree = "<group>"; };
		AC6D569925ADE57800D221BA /* GrayButtonStyle.swift */ = {isa = PBXFileReference; lastKnownFileType = sourcecode.swift; path = GrayButtonStyle.swift; sourceTree = "<group>"; };
		AC6D569E25AEEAE700D221BA /* SessionHeaderView.swift */ = {isa = PBXFileReference; lastKnownFileType = sourcecode.swift; path = SessionHeaderView.swift; sourceTree = "<group>"; };
		AC6D56A125AEF55C00D221BA /* GraphView.swift */ = {isa = PBXFileReference; lastKnownFileType = sourcecode.swift; path = GraphView.swift; sourceTree = "<group>"; };
		AC6D56A425AF211200D221BA /* MultiSliderView.swift */ = {isa = PBXFileReference; lastKnownFileType = sourcecode.swift; path = MultiSliderView.swift; sourceTree = "<group>"; };
		AC7AB09125D988CD0025492B /* WhiteSelectingButtonStyle.swift */ = {isa = PBXFileReference; lastKnownFileType = sourcecode.swift; path = WhiteSelectingButtonStyle.swift; sourceTree = "<group>"; };
		AC7EB37225A6FB3A00A7F2AF /* AirCasting.app */ = {isa = PBXFileReference; explicitFileType = wrapper.application; includeInIndex = 0; path = AirCasting.app; sourceTree = BUILT_PRODUCTS_DIR; };
		AC7EB37525A6FB3A00A7F2AF /* AirCastingApp.swift */ = {isa = PBXFileReference; lastKnownFileType = sourcecode.swift; path = AirCastingApp.swift; sourceTree = "<group>"; };
		AC7EB37725A6FB3A00A7F2AF /* MainTabBarView.swift */ = {isa = PBXFileReference; lastKnownFileType = sourcecode.swift; path = MainTabBarView.swift; sourceTree = "<group>"; };
		AC7EB37925A6FB3D00A7F2AF /* Assets.xcassets */ = {isa = PBXFileReference; lastKnownFileType = folder.assetcatalog; path = Assets.xcassets; sourceTree = "<group>"; };
		AC7EB37C25A6FB3D00A7F2AF /* Preview Assets.xcassets */ = {isa = PBXFileReference; lastKnownFileType = folder.assetcatalog; path = "Preview Assets.xcassets"; sourceTree = "<group>"; };
		AC7EB37E25A6FB3D00A7F2AF /* Info.plist */ = {isa = PBXFileReference; lastKnownFileType = text.plist.xml; path = Info.plist; sourceTree = "<group>"; };
		AC7EB38825A7152000A7F2AF /* Moderat-Trial-Medium.otf */ = {isa = PBXFileReference; lastKnownFileType = file; path = "Moderat-Trial-Medium.otf"; sourceTree = "<group>"; };
		AC7EB38925A7152000A7F2AF /* Muli-ExtraLight.ttf */ = {isa = PBXFileReference; lastKnownFileType = file; path = "Muli-ExtraLight.ttf"; sourceTree = "<group>"; };
		AC7EB38A25A7152000A7F2AF /* Muli-ExtraLightItalic.ttf */ = {isa = PBXFileReference; lastKnownFileType = file; path = "Muli-ExtraLightItalic.ttf"; sourceTree = "<group>"; };
		AC7EB38B25A7152000A7F2AF /* Muli-BoldItalic.ttf */ = {isa = PBXFileReference; lastKnownFileType = file; path = "Muli-BoldItalic.ttf"; sourceTree = "<group>"; };
		AC7EB38C25A7152000A7F2AF /* Moderat-Trial-Bold.otf */ = {isa = PBXFileReference; lastKnownFileType = file; path = "Moderat-Trial-Bold.otf"; sourceTree = "<group>"; };
		AC7EB38D25A7152000A7F2AF /* Muli-Black.ttf */ = {isa = PBXFileReference; lastKnownFileType = file; path = "Muli-Black.ttf"; sourceTree = "<group>"; };
		AC7EB38E25A7152000A7F2AF /* Muli-Italic-VariableFont_wght.ttf */ = {isa = PBXFileReference; lastKnownFileType = file; path = "Muli-Italic-VariableFont_wght.ttf"; sourceTree = "<group>"; };
		AC7EB38F25A7152000A7F2AF /* Muli-MediumItalic.ttf */ = {isa = PBXFileReference; lastKnownFileType = file; path = "Muli-MediumItalic.ttf"; sourceTree = "<group>"; };
		AC7EB39025A7152000A7F2AF /* Muli-ExtraBold.ttf */ = {isa = PBXFileReference; lastKnownFileType = file; path = "Muli-ExtraBold.ttf"; sourceTree = "<group>"; };
		AC7EB39125A7152000A7F2AF /* Muli-Bold.ttf */ = {isa = PBXFileReference; lastKnownFileType = file; path = "Muli-Bold.ttf"; sourceTree = "<group>"; };
		AC7EB39225A7152000A7F2AF /* Muli-ExtraBoldItalic.ttf */ = {isa = PBXFileReference; lastKnownFileType = file; path = "Muli-ExtraBoldItalic.ttf"; sourceTree = "<group>"; };
		AC7EB39425A7152000A7F2AF /* Muli-Italic.ttf */ = {isa = PBXFileReference; lastKnownFileType = file; path = "Muli-Italic.ttf"; sourceTree = "<group>"; };
		AC7EB39525A7152000A7F2AF /* Muli-SemiBold.ttf */ = {isa = PBXFileReference; lastKnownFileType = file; path = "Muli-SemiBold.ttf"; sourceTree = "<group>"; };
		AC7EB39625A7152000A7F2AF /* Muli-SemiBoldItalic.ttf */ = {isa = PBXFileReference; lastKnownFileType = file; path = "Muli-SemiBoldItalic.ttf"; sourceTree = "<group>"; };
		AC7EB39725A7152000A7F2AF /* Moderat-Trial-Regular.otf */ = {isa = PBXFileReference; lastKnownFileType = file; path = "Moderat-Trial-Regular.otf"; sourceTree = "<group>"; };
		AC7EB39825A7152000A7F2AF /* Muli-BlackItalic.ttf */ = {isa = PBXFileReference; lastKnownFileType = file; path = "Muli-BlackItalic.ttf"; sourceTree = "<group>"; };
		AC7EB39A25A7152000A7F2AF /* Muli-Light.ttf */ = {isa = PBXFileReference; lastKnownFileType = file; path = "Muli-Light.ttf"; sourceTree = "<group>"; };
		AC7EB39B25A7152000A7F2AF /* Muli-Regular.ttf */ = {isa = PBXFileReference; lastKnownFileType = file; path = "Muli-Regular.ttf"; sourceTree = "<group>"; };
		AC7EB39C25A7152000A7F2AF /* Muli-LightItalic.ttf */ = {isa = PBXFileReference; lastKnownFileType = file; path = "Muli-LightItalic.ttf"; sourceTree = "<group>"; };
		AC7EB39D25A7152000A7F2AF /* Moderat-Trial-Black.otf */ = {isa = PBXFileReference; lastKnownFileType = file; path = "Moderat-Trial-Black.otf"; sourceTree = "<group>"; };
		AC86EE6A25D03DC00083F8C0 /* SelectDeviceView.swift */ = {isa = PBXFileReference; lastKnownFileType = sourcecode.swift; path = SelectDeviceView.swift; sourceTree = "<group>"; };
		AC8CFF3525E502DD00FB2918 /* CreateAccountView.swift */ = {isa = PBXFileReference; lastKnownFileType = sourcecode.swift; path = CreateAccountView.swift; sourceTree = "<group>"; };
		AC8CFF4025E5095600FB2918 /* Textfield.swift */ = {isa = PBXFileReference; lastKnownFileType = sourcecode.swift; path = Textfield.swift; sourceTree = "<group>"; };
		AC8CFF4425E510CB00FB2918 /* AuthorizationAPI.swift */ = {isa = PBXFileReference; lastKnownFileType = sourcecode.swift; path = AuthorizationAPI.swift; sourceTree = "<group>"; };
		AC8CFF5B25E6866100FB2918 /* SignInView.swift */ = {isa = PBXFileReference; lastKnownFileType = sourcecode.swift; path = SignInView.swift; sourceTree = "<group>"; };
		AC8CFF7125E7DA2D00FB2918 /* ABMeasurementStream.swift */ = {isa = PBXFileReference; lastKnownFileType = sourcecode.swift; path = ABMeasurementStream.swift; sourceTree = "<group>"; };
		AC8CFF7625ECF8B100FB2918 /* HexMessagesBuilder.swift */ = {isa = PBXFileReference; lastKnownFileType = sourcecode.swift; path = HexMessagesBuilder.swift; sourceTree = "<group>"; };
		AC8CFF7D25EE5F9200FB2918 /* AirBeam3Configurator.swift */ = {isa = PBXFileReference; lastKnownFileType = sourcecode.swift; path = AirBeam3Configurator.swift; sourceTree = "<group>"; };
		AC8D6C6925C049E300ED74D1 /* Environment.swift */ = {isa = PBXFileReference; lastKnownFileType = sourcecode.swift; path = Environment.swift; sourceTree = "<group>"; };
		AC8D6C6D25C056B400ED74D1 /* PathPoint.swift */ = {isa = PBXFileReference; lastKnownFileType = sourcecode.swift; path = PathPoint.swift; sourceTree = "<group>"; };
		AC8D6C7125C0574800ED74D1 /* LocationTracker.swift */ = {isa = PBXFileReference; lastKnownFileType = sourcecode.swift; path = LocationTracker.swift; sourceTree = "<group>"; };
		AC93B8D925BEDC46003D0A0D /* Array.swift */ = {isa = PBXFileReference; lastKnownFileType = sourcecode.swift; path = Array.swift; sourceTree = "<group>"; };
		AC93B8E625BEFE4F003D0A0D /* AirMapView.swift */ = {isa = PBXFileReference; lastKnownFileType = sourcecode.swift; path = AirMapView.swift; sourceTree = "<group>"; };
		AC93B8FD25C02E0B003D0A0D /* GoogleMapView.swift */ = {isa = PBXFileReference; lastKnownFileType = sourcecode.swift; path = GoogleMapView.swift; sourceTree = "<group>"; };
		AC960C7725DD39F500EC95DD /* ABConnectedView.swift */ = {isa = PBXFileReference; lastKnownFileType = sourcecode.swift; path = ABConnectedView.swift; sourceTree = "<group>"; };
		ACD01F3F25F8C1F800B8F65F /* SessionContext.swift */ = {isa = PBXFileReference; lastKnownFileType = sourcecode.swift; path = SessionContext.swift; sourceTree = "<group>"; };
		ACD01F6C25FF4C8C00B8F65F /* AirCasting.entitlements */ = {isa = PBXFileReference; lastKnownFileType = text.plist.entitlements; path = AirCasting.entitlements; sourceTree = "<group>"; };
		ACD01F7225FF574A00B8F65F /* WifiPopupView.swift */ = {isa = PBXFileReference; lastKnownFileType = sourcecode.swift; path = WifiPopupView.swift; sourceTree = "<group>"; };
		ACD01F7525FF61CE00B8F65F /* LocationProvider.swift */ = {isa = PBXFileReference; lastKnownFileType = sourcecode.swift; path = LocationProvider.swift; sourceTree = "<group>"; };
		ACD01F7A25FF6C3300B8F65F /* BlueTextButtonStyle.swift */ = {isa = PBXFileReference; lastKnownFileType = sourcecode.swift; path = BlueTextButtonStyle.swift; sourceTree = "<group>"; };
		ACD01F912600A3C800B8F65F /* RootAppView.swift */ = {isa = PBXFileReference; lastKnownFileType = sourcecode.swift; path = RootAppView.swift; sourceTree = "<group>"; };
		ACD01F942600A54400B8F65F /* UserDefaults+Preferences.swift */ = {isa = PBXFileReference; lastKnownFileType = sourcecode.swift; path = "UserDefaults+Preferences.swift"; sourceTree = "<group>"; };
		ACD32A4E2600A8DD00818946 /* SettingsView.swift */ = {isa = PBXFileReference; lastKnownFileType = sourcecode.swift; path = SettingsView.swift; sourceTree = "<group>"; };
		ACF77DEF25A750C200BB85B7 /* Font.swift */ = {isa = PBXFileReference; lastKnownFileType = sourcecode.swift; path = Font.swift; sourceTree = "<group>"; };
		ACF77DF325A750E000BB85B7 /* Color.swift */ = {isa = PBXFileReference; lastKnownFileType = sourcecode.swift; path = Color.swift; sourceTree = "<group>"; };
		ACF77DF725A866E700BB85B7 /* BlueButtonStyle.swift */ = {isa = PBXFileReference; lastKnownFileType = sourcecode.swift; path = BlueButtonStyle.swift; sourceTree = "<group>"; };
		ACF77DFA25A8888700BB85B7 /* SessionCellView.swift */ = {isa = PBXFileReference; lastKnownFileType = sourcecode.swift; path = SessionCellView.swift; sourceTree = "<group>"; };
		ACFC708825C1A36A00D609D9 /* UIColor.swift */ = {isa = PBXFileReference; lastKnownFileType = sourcecode.swift; path = UIColor.swift; sourceTree = "<group>"; };
/* End PBXFileReference section */

/* Begin PBXFrameworksBuildPhase section */
		AC7EB36F25A6FB3A00A7F2AF /* Frameworks */ = {
			isa = PBXFrameworksBuildPhase;
			buildActionMask = 2147483647;
			files = (
				AC6D567C25AC540D00D221BA /* Charts in Frameworks */,
				F76B6F660F0BD398629EDD83 /* Pods_AirCasting.framework in Frameworks */,
			);
			runOnlyForDeploymentPostprocessing = 0;
		};
/* End PBXFrameworksBuildPhase section */

/* Begin PBXGroup section */
		338C30E025F1042000E0305C /* CoreData */ = {
			isa = PBXGroup;
			children = (
				338C30E125F1044B00E0305C /* Persistance.swift */,
				338C30E625F10BFE00E0305C /* AirCasting.xcdatamodeld */,
			);
			path = CoreData;
			sourceTree = "<group>";
		};
		A39CC233FB1B8C6B1C3FF94A /* Pods */ = {
			isa = PBXGroup;
			children = (
				80BDC4331283D7705B8C8952 /* Pods-AirCasting.debug.xcconfig */,
				278FFE79104B8F74B61CE3A2 /* Pods-AirCasting.release.xcconfig */,
			);
			path = Pods;
			sourceTree = "<group>";
		};
		AC1DAD4325C98556009AC4D1 /* ABConnector */ = {
			isa = PBXGroup;
			children = (
				ACD01F3F25F8C1F800B8F65F /* SessionContext.swift */,
				AC1DAD4825C987B3009AC4D1 /* BluetoothManager.swift */,
				AC8CFF7D25EE5F9200FB2918 /* AirBeam3Configurator.swift */,
				AC8CFF7625ECF8B100FB2918 /* HexMessagesBuilder.swift */,
			);
			path = ABConnector;
			sourceTree = "<group>";
		};
		AC3203CE25CBED9C00A68520 /* Dashboard */ = {
			isa = PBXGroup;
			children = (
				AC5EF72025C81882003657B1 /* DashboardView.swift */,
				AC5EF71C25C8178B003657B1 /* EmptyDashboardView.swift */,
			);
			path = Dashboard;
			sourceTree = "<group>";
		};
		AC32040625CC122900A68520 /* Utils */ = {
			isa = PBXGroup;
			children = (
				ACD01F7525FF61CE00B8F65F /* LocationProvider.swift */,
				AC32040325CC067D00A68520 /* CheckBox.swift */,
				AC4EC6C025B6F18A00C1E312 /* EditButtonView.swift */,
				AC8CFF4025E5095600FB2918 /* Textfield.swift */,
				ACD01F942600A54400B8F65F /* UserDefaults+Preferences.swift */,
			);
			path = Utils;
			sourceTree = "<group>";
		};
		AC32043425CD52E600A68520 /* CreateSessionViews */ = {
			isa = PBXGroup;
			children = (
				AC32043525CD534700A68520 /* ChooseSessionTypeView.swift */,
				AC489B5B2603614E00CEEC48 /* MoreInfoPopupView.swift */,
				AC86EE6A25D03DC00083F8C0 /* SelectDeviceView.swift */,
				AC3203CA25CA991C00A68520 /* TurnOnBluetoothView.swift */,
				AC32041B25CC46EF00A68520 /* PowerABView.swift */,
				AC1DAD4425C9858C009AC4D1 /* SelectPeripheralView.swift */,
				AC32041E25CC485E00A68520 /* ConnectingABView.swift */,
				AC960C7725DD39F500EC95DD /* ABConnectedView.swift */,
				3362B4EC25E69987008D61BA /* AddNameAndTagsView.swift */,
				ACD01F7225FF574A00B8F65F /* WifiPopupView.swift */,
				331EA80925E32094009DEFDB /* ConfirmCreatingSessionView.swift */,
			);
			path = CreateSessionViews;
			sourceTree = "<group>";
		};
		AC6D569825ADE55B00D221BA /* ButtonStyles */ = {
			isa = PBXGroup;
			children = (
				ACF77DF725A866E700BB85B7 /* BlueButtonStyle.swift */,
				ACD01F7A25FF6C3300B8F65F /* BlueTextButtonStyle.swift */,
				AC7AB09125D988CD0025492B /* WhiteSelectingButtonStyle.swift */,
				AC6D569925ADE57800D221BA /* GrayButtonStyle.swift */,
			);
			path = ButtonStyles;
			sourceTree = "<group>";
		};
		AC6D56A725B0833F00D221BA /* Graph */ = {
			isa = PBXGroup;
			children = (
				AC6D56A125AEF55C00D221BA /* GraphView.swift */,
				AC5832D925B196DD008C5DD5 /* Graph.swift */,
			);
			path = Graph;
			sourceTree = "<group>";
		};
		AC6D56A825B0837500D221BA /* SessionViews */ = {
			isa = PBXGroup;
			children = (
				ACF77DFA25A8888700BB85B7 /* SessionCellView.swift */,
				AC6D569E25AEEAE700D221BA /* SessionHeaderView.swift */,
				AC6D567E25AC54A400D221BA /* ChartView.swift */,
				AC4EC6C325B6FE0D00C1E312 /* HeatmapSettingsView.swift */,
				AC6D56A425AF211200D221BA /* MultiSliderView.swift */,
				AC4EC6BB25B5ABB700C1E312 /* StatisticsContainerView.swift */,
			);
			path = SessionViews;
			sourceTree = "<group>";
		};
		AC7EB36925A6FB3A00A7F2AF = {
			isa = PBXGroup;
			children = (
				AC7EB37425A6FB3A00A7F2AF /* AirCasting */,
				AC7EB37325A6FB3A00A7F2AF /* Products */,
				A39CC233FB1B8C6B1C3FF94A /* Pods */,
				CABAD6F2460034AEFF66A5C1 /* Frameworks */,
			);
			sourceTree = "<group>";
		};
		AC7EB37325A6FB3A00A7F2AF /* Products */ = {
			isa = PBXGroup;
			children = (
				AC7EB37225A6FB3A00A7F2AF /* AirCasting.app */,
			);
			name = Products;
			sourceTree = "<group>";
		};
		AC7EB37425A6FB3A00A7F2AF /* AirCasting */ = {
			isa = PBXGroup;
			children = (
				ACD01F6C25FF4C8C00B8F65F /* AirCasting.entitlements */,
				AC7EB37525A6FB3A00A7F2AF /* AirCastingApp.swift */,
				ACD01F912600A3C800B8F65F /* RootAppView.swift */,
				AC7EB37725A6FB3A00A7F2AF /* MainTabBarView.swift */,
				338C30E025F1042000E0305C /* CoreData */,
				AC1DAD4325C98556009AC4D1 /* ABConnector */,
				AC8CFF4325E5108100FB2918 /* APICommunicator */,
				AC8CFF3425E502C700FB2918 /* AuthViews */,
				ACD32A4D2600A8CC00818946 /* Settings */,
				AC3203CE25CBED9C00A68520 /* Dashboard */,
				AC32043425CD52E600A68520 /* CreateSessionViews */,
				AC6D56A825B0837500D221BA /* SessionViews */,
				AC6D56A725B0833F00D221BA /* Graph */,
				AC8D6C6825C049C200ED74D1 /* Map */,
				AC8CFF7025E7D94C00FB2918 /* Models */,
				AC32040625CC122900A68520 /* Utils */,
				AC6D569825ADE55B00D221BA /* ButtonStyles */,
				AC7EB37925A6FB3D00A7F2AF /* Assets.xcassets */,
				ACF77DEE25A7502600BB85B7 /* Extensions */,
				AC7EB38625A7152000A7F2AF /* Resources */,
				AC7EB37E25A6FB3D00A7F2AF /* Info.plist */,
				AC5EF76025C84888003657B1 /* GoogleService-Info.plist */,
				AC7EB37B25A6FB3D00A7F2AF /* Preview Content */,
			);
			path = AirCasting;
			sourceTree = "<group>";
		};
		AC7EB37B25A6FB3D00A7F2AF /* Preview Content */ = {
			isa = PBXGroup;
			children = (
				AC7EB37C25A6FB3D00A7F2AF /* Preview Assets.xcassets */,
			);
			path = "Preview Content";
			sourceTree = "<group>";
		};
		AC7EB38625A7152000A7F2AF /* Resources */ = {
			isa = PBXGroup;
			children = (
				AC7EB38725A7152000A7F2AF /* Fonts */,
			);
			path = Resources;
			sourceTree = "<group>";
		};
		AC7EB38725A7152000A7F2AF /* Fonts */ = {
			isa = PBXGroup;
			children = (
				AC7EB38825A7152000A7F2AF /* Moderat-Trial-Medium.otf */,
				AC7EB38925A7152000A7F2AF /* Muli-ExtraLight.ttf */,
				AC7EB38A25A7152000A7F2AF /* Muli-ExtraLightItalic.ttf */,
				AC7EB38B25A7152000A7F2AF /* Muli-BoldItalic.ttf */,
				AC7EB38C25A7152000A7F2AF /* Moderat-Trial-Bold.otf */,
				AC7EB38D25A7152000A7F2AF /* Muli-Black.ttf */,
				AC7EB38E25A7152000A7F2AF /* Muli-Italic-VariableFont_wght.ttf */,
				AC7EB38F25A7152000A7F2AF /* Muli-MediumItalic.ttf */,
				AC7EB39025A7152000A7F2AF /* Muli-ExtraBold.ttf */,
				AC7EB39125A7152000A7F2AF /* Muli-Bold.ttf */,
				AC7EB39225A7152000A7F2AF /* Muli-ExtraBoldItalic.ttf */,
				AC7EB39425A7152000A7F2AF /* Muli-Italic.ttf */,
				AC7EB39525A7152000A7F2AF /* Muli-SemiBold.ttf */,
				AC7EB39625A7152000A7F2AF /* Muli-SemiBoldItalic.ttf */,
				AC7EB39725A7152000A7F2AF /* Moderat-Trial-Regular.otf */,
				AC7EB39825A7152000A7F2AF /* Muli-BlackItalic.ttf */,
				AC7EB39A25A7152000A7F2AF /* Muli-Light.ttf */,
				AC7EB39B25A7152000A7F2AF /* Muli-Regular.ttf */,
				AC7EB39C25A7152000A7F2AF /* Muli-LightItalic.ttf */,
				AC7EB39D25A7152000A7F2AF /* Moderat-Trial-Black.otf */,
			);
			path = Fonts;
			sourceTree = "<group>";
		};
		AC8CFF3425E502C700FB2918 /* AuthViews */ = {
			isa = PBXGroup;
			children = (
				AC8CFF3525E502DD00FB2918 /* CreateAccountView.swift */,
				AC8CFF5B25E6866100FB2918 /* SignInView.swift */,
				AC049F7E2604B7AF00398197 /* AuthErorrHandling.swift */,
			);
			path = AuthViews;
			sourceTree = "<group>";
		};
		AC8CFF4325E5108100FB2918 /* APICommunicator */ = {
			isa = PBXGroup;
			children = (
				AC8CFF4425E510CB00FB2918 /* AuthorizationAPI.swift */,
				AC1471A225F23AE40062A53F /* CreateSessionAPI.swift */,
				AC049F862608B74C00398197 /* FixedSession.swift */,
			);
			path = APICommunicator;
			sourceTree = "<group>";
		};
		AC8CFF7025E7D94C00FB2918 /* Models */ = {
			isa = PBXGroup;
			children = (
				AC049F8A2608DCB000398197 /* Session+Mock.swift */,
				AC8CFF7125E7DA2D00FB2918 /* ABMeasurementStream.swift */,
			);
			path = Models;
			sourceTree = "<group>";
		};
		AC8D6C6825C049C200ED74D1 /* Map */ = {
			isa = PBXGroup;
			children = (
				AC93B8E625BEFE4F003D0A0D /* AirMapView.swift */,
				AC93B8FD25C02E0B003D0A0D /* GoogleMapView.swift */,
				AC8D6C7125C0574800ED74D1 /* LocationTracker.swift */,
				AC8D6C6D25C056B400ED74D1 /* PathPoint.swift */,
				AC8D6C6925C049E300ED74D1 /* Environment.swift */,
			);
			path = Map;
			sourceTree = "<group>";
		};
		ACD32A4D2600A8CC00818946 /* Settings */ = {
			isa = PBXGroup;
			children = (
				ACD32A4E2600A8DD00818946 /* SettingsView.swift */,
			);
			path = Settings;
			sourceTree = "<group>";
		};
		ACF77DEE25A7502600BB85B7 /* Extensions */ = {
			isa = PBXGroup;
			children = (
				AC93B8D925BEDC46003D0A0D /* Array.swift */,
				ACF77DEF25A750C200BB85B7 /* Font.swift */,
				ACFC708825C1A36A00D609D9 /* UIColor.swift */,
				ACF77DF325A750E000BB85B7 /* Color.swift */,
			);
			path = Extensions;
			sourceTree = "<group>";
		};
		CABAD6F2460034AEFF66A5C1 /* Frameworks */ = {
			isa = PBXGroup;
			children = (
				8E819223F8D800D3B8ED8F56 /* Pods_AirCasting.framework */,
			);
			name = Frameworks;
			sourceTree = "<group>";
		};
/* End PBXGroup section */

/* Begin PBXNativeTarget section */
		AC7EB37125A6FB3A00A7F2AF /* AirCasting */ = {
			isa = PBXNativeTarget;
			buildConfigurationList = AC7EB38125A6FB3D00A7F2AF /* Build configuration list for PBXNativeTarget "AirCasting" */;
			buildPhases = (
				BA797DF3793837CC1AFA2CA9 /* [CP] Check Pods Manifest.lock */,
				AC7EB36E25A6FB3A00A7F2AF /* Sources */,
				AC7EB36F25A6FB3A00A7F2AF /* Frameworks */,
				AC7EB37025A6FB3A00A7F2AF /* Resources */,
				C3AC27DFF567C636D29031C2 /* [CP] Copy Pods Resources */,
				CDF508737F6F7BD54E344891 /* [CP] Embed Pods Frameworks */,
				AC5EF74B25C83F0E003657B1 /* Firebase Crashlytics */,
			);
			buildRules = (
			);
			dependencies = (
			);
			name = AirCasting;
			packageProductDependencies = (
				AC6D567B25AC540D00D221BA /* Charts */,
			);
			productName = AirCasting;
			productReference = AC7EB37225A6FB3A00A7F2AF /* AirCasting.app */;
			productType = "com.apple.product-type.application";
		};
/* End PBXNativeTarget section */

/* Begin PBXProject section */
		AC7EB36A25A6FB3A00A7F2AF /* Project object */ = {
			isa = PBXProject;
			attributes = {
				LastSwiftUpdateCheck = 1220;
				LastUpgradeCheck = 1220;
				TargetAttributes = {
					AC7EB37125A6FB3A00A7F2AF = {
						CreatedOnToolsVersion = 12.2;
					};
				};
			};
			buildConfigurationList = AC7EB36D25A6FB3A00A7F2AF /* Build configuration list for PBXProject "AirCasting" */;
			compatibilityVersion = "Xcode 9.3";
			developmentRegion = en;
			hasScannedForEncodings = 0;
			knownRegions = (
				en,
				Base,
			);
			mainGroup = AC7EB36925A6FB3A00A7F2AF;
			packageReferences = (
				AC6D567A25AC540D00D221BA /* XCRemoteSwiftPackageReference "Charts" */,
			);
			productRefGroup = AC7EB37325A6FB3A00A7F2AF /* Products */;
			projectDirPath = "";
			projectRoot = "";
			targets = (
				AC7EB37125A6FB3A00A7F2AF /* AirCasting */,
			);
		};
/* End PBXProject section */

/* Begin PBXResourcesBuildPhase section */
		AC7EB37025A6FB3A00A7F2AF /* Resources */ = {
			isa = PBXResourcesBuildPhase;
			buildActionMask = 2147483647;
			files = (
				AC7EB3AB25A7152000A7F2AF /* Muli-SemiBold.ttf in Resources */,
				AC7EB3A225A7152000A7F2AF /* Moderat-Trial-Bold.otf in Resources */,
				AC7EB3A125A7152000A7F2AF /* Muli-BoldItalic.ttf in Resources */,
				AC7EB3AE25A7152000A7F2AF /* Muli-BlackItalic.ttf in Resources */,
				AC7EB39E25A7152000A7F2AF /* Moderat-Trial-Medium.otf in Resources */,
				AC7EB3A325A7152000A7F2AF /* Muli-Black.ttf in Resources */,
				AC7EB3A625A7152000A7F2AF /* Muli-ExtraBold.ttf in Resources */,
				AC7EB3B125A7152000A7F2AF /* Muli-Regular.ttf in Resources */,
				AC7EB37D25A6FB3D00A7F2AF /* Preview Assets.xcassets in Resources */,
				AC7EB3A725A7152000A7F2AF /* Muli-Bold.ttf in Resources */,
				AC7EB3AD25A7152000A7F2AF /* Moderat-Trial-Regular.otf in Resources */,
				AC7EB3AC25A7152000A7F2AF /* Muli-SemiBoldItalic.ttf in Resources */,
				AC7EB3AA25A7152000A7F2AF /* Muli-Italic.ttf in Resources */,
				AC7EB3B025A7152000A7F2AF /* Muli-Light.ttf in Resources */,
				AC7EB3A025A7152000A7F2AF /* Muli-ExtraLightItalic.ttf in Resources */,
				AC7EB3A425A7152000A7F2AF /* Muli-Italic-VariableFont_wght.ttf in Resources */,
				AC7EB3B225A7152000A7F2AF /* Muli-LightItalic.ttf in Resources */,
				AC7EB3A825A7152000A7F2AF /* Muli-ExtraBoldItalic.ttf in Resources */,
				AC7EB37A25A6FB3D00A7F2AF /* Assets.xcassets in Resources */,
				AC5EF76125C84888003657B1 /* GoogleService-Info.plist in Resources */,
				AC7EB3B325A7152000A7F2AF /* Moderat-Trial-Black.otf in Resources */,
				AC7EB3A525A7152000A7F2AF /* Muli-MediumItalic.ttf in Resources */,
				AC7EB39F25A7152000A7F2AF /* Muli-ExtraLight.ttf in Resources */,
			);
			runOnlyForDeploymentPostprocessing = 0;
		};
/* End PBXResourcesBuildPhase section */

/* Begin PBXShellScriptBuildPhase section */
		AC5EF74B25C83F0E003657B1 /* Firebase Crashlytics */ = {
			isa = PBXShellScriptBuildPhase;
			alwaysOutOfDate = 1;
			buildActionMask = 2147483647;
			files = (
			);
			inputFileListPaths = (
			);
			inputPaths = (
				"${DWARF_DSYM_FOLDER_PATH}/${DWARF_DSYM_FILE_NAME}/Contents/Resources/DWARF/${TARGET_NAME}",
				"$(SRCROOT)/$(BUILT_PRODUCTS_DIR)/$(INFOPLIST_PATH)",
			);
			name = "Firebase Crashlytics";
			outputFileListPaths = (
			);
			outputPaths = (
			);
			runOnlyForDeploymentPostprocessing = 0;
			shellPath = /bin/sh;
			shellScript = "# Type a script or drag a script file from your workspace to insert its path.\n\"${PODS_ROOT}/FirebaseCrashlytics/run\"\n";
		};
		BA797DF3793837CC1AFA2CA9 /* [CP] Check Pods Manifest.lock */ = {
			isa = PBXShellScriptBuildPhase;
			buildActionMask = 2147483647;
			files = (
			);
			inputFileListPaths = (
			);
			inputPaths = (
				"${PODS_PODFILE_DIR_PATH}/Podfile.lock",
				"${PODS_ROOT}/Manifest.lock",
			);
			name = "[CP] Check Pods Manifest.lock";
			outputFileListPaths = (
			);
			outputPaths = (
				"$(DERIVED_FILE_DIR)/Pods-AirCasting-checkManifestLockResult.txt",
			);
			runOnlyForDeploymentPostprocessing = 0;
			shellPath = /bin/sh;
			shellScript = "diff \"${PODS_PODFILE_DIR_PATH}/Podfile.lock\" \"${PODS_ROOT}/Manifest.lock\" > /dev/null\nif [ $? != 0 ] ; then\n    # print error to STDERR\n    echo \"error: The sandbox is not in sync with the Podfile.lock. Run 'pod install' or update your CocoaPods installation.\" >&2\n    exit 1\nfi\n# This output is used by Xcode 'outputs' to avoid re-running this script phase.\necho \"SUCCESS\" > \"${SCRIPT_OUTPUT_FILE_0}\"\n";
			showEnvVarsInLog = 0;
		};
		C3AC27DFF567C636D29031C2 /* [CP] Copy Pods Resources */ = {
			isa = PBXShellScriptBuildPhase;
			buildActionMask = 2147483647;
			files = (
			);
			inputFileListPaths = (
				"${PODS_ROOT}/Target Support Files/Pods-AirCasting/Pods-AirCasting-resources-${CONFIGURATION}-input-files.xcfilelist",
			);
			name = "[CP] Copy Pods Resources";
			outputFileListPaths = (
				"${PODS_ROOT}/Target Support Files/Pods-AirCasting/Pods-AirCasting-resources-${CONFIGURATION}-output-files.xcfilelist",
			);
			runOnlyForDeploymentPostprocessing = 0;
			shellPath = /bin/sh;
			shellScript = "\"${PODS_ROOT}/Target Support Files/Pods-AirCasting/Pods-AirCasting-resources.sh\"\n";
			showEnvVarsInLog = 0;
		};
		CDF508737F6F7BD54E344891 /* [CP] Embed Pods Frameworks */ = {
			isa = PBXShellScriptBuildPhase;
			buildActionMask = 2147483647;
			files = (
			);
			inputFileListPaths = (
				"${PODS_ROOT}/Target Support Files/Pods-AirCasting/Pods-AirCasting-frameworks-${CONFIGURATION}-input-files.xcfilelist",
			);
			name = "[CP] Embed Pods Frameworks";
			outputFileListPaths = (
				"${PODS_ROOT}/Target Support Files/Pods-AirCasting/Pods-AirCasting-frameworks-${CONFIGURATION}-output-files.xcfilelist",
			);
			runOnlyForDeploymentPostprocessing = 0;
			shellPath = /bin/sh;
			shellScript = "\"${PODS_ROOT}/Target Support Files/Pods-AirCasting/Pods-AirCasting-frameworks.sh\"\n";
			showEnvVarsInLog = 0;
		};
/* End PBXShellScriptBuildPhase section */

/* Begin PBXSourcesBuildPhase section */
		AC7EB36E25A6FB3A00A7F2AF /* Sources */ = {
			isa = PBXSourcesBuildPhase;
			buildActionMask = 2147483647;
			files = (
				AC93B8FE25C02E0B003D0A0D /* GoogleMapView.swift in Sources */,
				AC6D569A25ADE57800D221BA /* GrayButtonStyle.swift in Sources */,
				AC049F7F2604B7AF00398197 /* AuthErorrHandling.swift in Sources */,
				ACF77DF825A866E700BB85B7 /* BlueButtonStyle.swift in Sources */,
				AC32041F25CC485E00A68520 /* ConnectingABView.swift in Sources */,
				ACD32A4F2600A8DD00818946 /* SettingsView.swift in Sources */,
				AC3203CB25CA991C00A68520 /* TurnOnBluetoothView.swift in Sources */,
				AC32043625CD534700A68520 /* ChooseSessionTypeView.swift in Sources */,
				AC7EB37825A6FB3A00A7F2AF /* MainTabBarView.swift in Sources */,
				AC960C7825DD39F500EC95DD /* ABConnectedView.swift in Sources */,
				AC489B5C2603614E00CEEC48 /* MoreInfoPopupView.swift in Sources */,
				AC5832DA25B196DD008C5DD5 /* Graph.swift in Sources */,
				AC93B8E725BEFE4F003D0A0D /* AirMapView.swift in Sources */,
				3362B4ED25E69987008D61BA /* AddNameAndTagsView.swift in Sources */,
				AC5EF71D25C8178B003657B1 /* EmptyDashboardView.swift in Sources */,
				AC1DAD4925C987B3009AC4D1 /* BluetoothManager.swift in Sources */,
				AC8CFF5C25E6866100FB2918 /* SignInView.swift in Sources */,
				ACF77DFB25A8888700BB85B7 /* SessionCellView.swift in Sources */,
				ACFC708925C1A36A00D609D9 /* UIColor.swift in Sources */,
				AC8CFF7225E7DA2D00FB2918 /* ABMeasurementStream.swift in Sources */,
				AC93B8DA25BEDC46003D0A0D /* Array.swift in Sources */,
				ACD01F7625FF61CE00B8F65F /* LocationProvider.swift in Sources */,
				AC7AB09225D988CD0025492B /* WhiteSelectingButtonStyle.swift in Sources */,
				AC32041C25CC46EF00A68520 /* PowerABView.swift in Sources */,
				AC86EE6B25D03DC00083F8C0 /* SelectDeviceView.swift in Sources */,
				ACD01F7B25FF6C3300B8F65F /* BlueTextButtonStyle.swift in Sources */,
				AC1471A325F23AE40062A53F /* CreateSessionAPI.swift in Sources */,
				AC5EF72125C81882003657B1 /* DashboardView.swift in Sources */,
				AC6D569F25AEEAE700D221BA /* SessionHeaderView.swift in Sources */,
				AC32040425CC067D00A68520 /* CheckBox.swift in Sources */,
				AC8D6C6E25C056B400ED74D1 /* PathPoint.swift in Sources */,
				AC6D56A525AF211200D221BA /* MultiSliderView.swift in Sources */,
				AC8CFF7E25EE5F9200FB2918 /* AirBeam3Configurator.swift in Sources */,
				AC8CFF7725ECF8B100FB2918 /* HexMessagesBuilder.swift in Sources */,
				338C30E225F1044B00E0305C /* Persistance.swift in Sources */,
				AC6D56A225AEF55C00D221BA /* GraphView.swift in Sources */,
				AC1DAD4525C9858C009AC4D1 /* SelectPeripheralView.swift in Sources */,
				ACF77DF425A750E000BB85B7 /* Color.swift in Sources */,
				AC4EC6C125B6F18A00C1E312 /* EditButtonView.swift in Sources */,
				AC049F8B2608DCB000398197 /* Session+Mock.swift in Sources */,
				AC6D567F25AC54A400D221BA /* ChartView.swift in Sources */,
				ACD01F952600A54400B8F65F /* UserDefaults+Preferences.swift in Sources */,
				AC4EC6BC25B5ABB700C1E312 /* StatisticsContainerView.swift in Sources */,
				AC8CFF3625E502DD00FB2918 /* CreateAccountView.swift in Sources */,
				338C30E825F10BFE00E0305C /* AirCasting.xcdatamodeld in Sources */,
				AC8D6C6A25C049E300ED74D1 /* Environment.swift in Sources */,
				ACD01F4025F8C1F800B8F65F /* SessionContext.swift in Sources */,
				AC8D6C7225C0574800ED74D1 /* LocationTracker.swift in Sources */,
				AC4EC6C425B6FE0D00C1E312 /* HeatmapSettingsView.swift in Sources */,
				AC8CFF4525E510CB00FB2918 /* AuthorizationAPI.swift in Sources */,
				AC8CFF4125E5095600FB2918 /* Textfield.swift in Sources */,
				AC7EB37625A6FB3A00A7F2AF /* AirCastingApp.swift in Sources */,
				ACD01F922600A3C800B8F65F /* RootAppView.swift in Sources */,
				331EA80A25E32094009DEFDB /* ConfirmCreatingSessionView.swift in Sources */,
				AC049F872608B74C00398197 /* FixedSession.swift in Sources */,
				ACF77DF025A750C200BB85B7 /* Font.swift in Sources */,
				ACD01F7325FF574A00B8F65F /* WifiPopupView.swift in Sources */,
			);
			runOnlyForDeploymentPostprocessing = 0;
		};
/* End PBXSourcesBuildPhase section */

/* Begin XCBuildConfiguration section */
		AC7EB37F25A6FB3D00A7F2AF /* Debug */ = {
			isa = XCBuildConfiguration;
			buildSettings = {
				ALWAYS_SEARCH_USER_PATHS = NO;
				CLANG_ANALYZER_NONNULL = YES;
				CLANG_ANALYZER_NUMBER_OBJECT_CONVERSION = YES_AGGRESSIVE;
				CLANG_CXX_LANGUAGE_STANDARD = "gnu++14";
				CLANG_CXX_LIBRARY = "libc++";
				CLANG_ENABLE_MODULES = YES;
				CLANG_ENABLE_OBJC_ARC = YES;
				CLANG_ENABLE_OBJC_WEAK = YES;
				CLANG_WARN_BLOCK_CAPTURE_AUTORELEASING = YES;
				CLANG_WARN_BOOL_CONVERSION = YES;
				CLANG_WARN_COMMA = YES;
				CLANG_WARN_CONSTANT_CONVERSION = YES;
				CLANG_WARN_DEPRECATED_OBJC_IMPLEMENTATIONS = YES;
				CLANG_WARN_DIRECT_OBJC_ISA_USAGE = YES_ERROR;
				CLANG_WARN_DOCUMENTATION_COMMENTS = YES;
				CLANG_WARN_EMPTY_BODY = YES;
				CLANG_WARN_ENUM_CONVERSION = YES;
				CLANG_WARN_INFINITE_RECURSION = YES;
				CLANG_WARN_INT_CONVERSION = YES;
				CLANG_WARN_NON_LITERAL_NULL_CONVERSION = YES;
				CLANG_WARN_OBJC_IMPLICIT_RETAIN_SELF = YES;
				CLANG_WARN_OBJC_LITERAL_CONVERSION = YES;
				CLANG_WARN_OBJC_ROOT_CLASS = YES_ERROR;
				CLANG_WARN_QUOTED_INCLUDE_IN_FRAMEWORK_HEADER = YES;
				CLANG_WARN_RANGE_LOOP_ANALYSIS = YES;
				CLANG_WARN_STRICT_PROTOTYPES = YES;
				CLANG_WARN_SUSPICIOUS_MOVE = YES;
				CLANG_WARN_UNGUARDED_AVAILABILITY = YES_AGGRESSIVE;
				CLANG_WARN_UNREACHABLE_CODE = YES;
				CLANG_WARN__DUPLICATE_METHOD_MATCH = YES;
				COPY_PHASE_STRIP = NO;
				DEBUG_INFORMATION_FORMAT = dwarf;
				ENABLE_STRICT_OBJC_MSGSEND = YES;
				ENABLE_TESTABILITY = YES;
				GCC_C_LANGUAGE_STANDARD = gnu11;
				GCC_DYNAMIC_NO_PIC = NO;
				GCC_NO_COMMON_BLOCKS = YES;
				GCC_OPTIMIZATION_LEVEL = 0;
				GCC_PREPROCESSOR_DEFINITIONS = (
					"DEBUG=1",
					"$(inherited)",
				);
				GCC_WARN_64_TO_32_BIT_CONVERSION = YES;
				GCC_WARN_ABOUT_RETURN_TYPE = YES_ERROR;
				GCC_WARN_UNDECLARED_SELECTOR = YES;
				GCC_WARN_UNINITIALIZED_AUTOS = YES_AGGRESSIVE;
				GCC_WARN_UNUSED_FUNCTION = YES;
				GCC_WARN_UNUSED_VARIABLE = YES;
				IPHONEOS_DEPLOYMENT_TARGET = 14.2;
				MTL_ENABLE_DEBUG_INFO = INCLUDE_SOURCE;
				MTL_FAST_MATH = YES;
				ONLY_ACTIVE_ARCH = YES;
				SDKROOT = iphoneos;
				SWIFT_ACTIVE_COMPILATION_CONDITIONS = DEBUG;
				SWIFT_OPTIMIZATION_LEVEL = "-Onone";
			};
			name = Debug;
		};
		AC7EB38025A6FB3D00A7F2AF /* Release */ = {
			isa = XCBuildConfiguration;
			buildSettings = {
				ALWAYS_SEARCH_USER_PATHS = NO;
				CLANG_ANALYZER_NONNULL = YES;
				CLANG_ANALYZER_NUMBER_OBJECT_CONVERSION = YES_AGGRESSIVE;
				CLANG_CXX_LANGUAGE_STANDARD = "gnu++14";
				CLANG_CXX_LIBRARY = "libc++";
				CLANG_ENABLE_MODULES = YES;
				CLANG_ENABLE_OBJC_ARC = YES;
				CLANG_ENABLE_OBJC_WEAK = YES;
				CLANG_WARN_BLOCK_CAPTURE_AUTORELEASING = YES;
				CLANG_WARN_BOOL_CONVERSION = YES;
				CLANG_WARN_COMMA = YES;
				CLANG_WARN_CONSTANT_CONVERSION = YES;
				CLANG_WARN_DEPRECATED_OBJC_IMPLEMENTATIONS = YES;
				CLANG_WARN_DIRECT_OBJC_ISA_USAGE = YES_ERROR;
				CLANG_WARN_DOCUMENTATION_COMMENTS = YES;
				CLANG_WARN_EMPTY_BODY = YES;
				CLANG_WARN_ENUM_CONVERSION = YES;
				CLANG_WARN_INFINITE_RECURSION = YES;
				CLANG_WARN_INT_CONVERSION = YES;
				CLANG_WARN_NON_LITERAL_NULL_CONVERSION = YES;
				CLANG_WARN_OBJC_IMPLICIT_RETAIN_SELF = YES;
				CLANG_WARN_OBJC_LITERAL_CONVERSION = YES;
				CLANG_WARN_OBJC_ROOT_CLASS = YES_ERROR;
				CLANG_WARN_QUOTED_INCLUDE_IN_FRAMEWORK_HEADER = YES;
				CLANG_WARN_RANGE_LOOP_ANALYSIS = YES;
				CLANG_WARN_STRICT_PROTOTYPES = YES;
				CLANG_WARN_SUSPICIOUS_MOVE = YES;
				CLANG_WARN_UNGUARDED_AVAILABILITY = YES_AGGRESSIVE;
				CLANG_WARN_UNREACHABLE_CODE = YES;
				CLANG_WARN__DUPLICATE_METHOD_MATCH = YES;
				COPY_PHASE_STRIP = NO;
				DEBUG_INFORMATION_FORMAT = "dwarf-with-dsym";
				ENABLE_NS_ASSERTIONS = NO;
				ENABLE_STRICT_OBJC_MSGSEND = YES;
				GCC_C_LANGUAGE_STANDARD = gnu11;
				GCC_NO_COMMON_BLOCKS = YES;
				GCC_WARN_64_TO_32_BIT_CONVERSION = YES;
				GCC_WARN_ABOUT_RETURN_TYPE = YES_ERROR;
				GCC_WARN_UNDECLARED_SELECTOR = YES;
				GCC_WARN_UNINITIALIZED_AUTOS = YES_AGGRESSIVE;
				GCC_WARN_UNUSED_FUNCTION = YES;
				GCC_WARN_UNUSED_VARIABLE = YES;
				IPHONEOS_DEPLOYMENT_TARGET = 14.2;
				MTL_ENABLE_DEBUG_INFO = NO;
				MTL_FAST_MATH = YES;
				SDKROOT = iphoneos;
				SWIFT_COMPILATION_MODE = wholemodule;
				SWIFT_OPTIMIZATION_LEVEL = "-O";
				VALIDATE_PRODUCT = YES;
			};
			name = Release;
		};
		AC7EB38225A6FB3D00A7F2AF /* Debug */ = {
			isa = XCBuildConfiguration;
			baseConfigurationReference = 80BDC4331283D7705B8C8952 /* Pods-AirCasting.debug.xcconfig */;
			buildSettings = {
				ASSETCATALOG_COMPILER_APPICON_NAME = AppIcon;
				ASSETCATALOG_COMPILER_GLOBAL_ACCENT_COLOR_NAME = AccentColor;
				CODE_SIGN_ENTITLEMENTS = AirCasting/AirCasting.entitlements;
				CODE_SIGN_IDENTITY = "Apple Development";
				CODE_SIGN_STYLE = Automatic;
				CURRENT_PROJECT_VERSION = 6;
				DEVELOPMENT_ASSET_PATHS = "\"AirCasting/Preview Content\"";
				DEVELOPMENT_TEAM = LXAGXH6CF6;
				ENABLE_PREVIEWS = YES;
				INFOPLIST_FILE = AirCasting/Info.plist;
				IPHONEOS_DEPLOYMENT_TARGET = 14.0;
				LD_RUNPATH_SEARCH_PATHS = (
					"$(inherited)",
					"@executable_path/Frameworks",
				);
				PRODUCT_BUNDLE_IDENTIFIER = org.habitatmap.AirCasting;
				PRODUCT_NAME = "$(TARGET_NAME)";
				PROVISIONING_PROFILE_SPECIFIER = "";
				SWIFT_VERSION = 5.0;
				TARGETED_DEVICE_FAMILY = "1,2";
			};
			name = Debug;
		};
		AC7EB38325A6FB3D00A7F2AF /* Release */ = {
			isa = XCBuildConfiguration;
			baseConfigurationReference = 278FFE79104B8F74B61CE3A2 /* Pods-AirCasting.release.xcconfig */;
			buildSettings = {
				ASSETCATALOG_COMPILER_APPICON_NAME = AppIcon;
				ASSETCATALOG_COMPILER_GLOBAL_ACCENT_COLOR_NAME = AccentColor;
				CODE_SIGN_ENTITLEMENTS = AirCasting/AirCasting.entitlements;
				CODE_SIGN_IDENTITY = "Apple Development";
				CODE_SIGN_STYLE = Automatic;
				CURRENT_PROJECT_VERSION = 6;
				DEVELOPMENT_ASSET_PATHS = "\"AirCasting/Preview Content\"";
				DEVELOPMENT_TEAM = LXAGXH6CF6;
				ENABLE_PREVIEWS = YES;
				INFOPLIST_FILE = AirCasting/Info.plist;
				IPHONEOS_DEPLOYMENT_TARGET = 14.0;
				LD_RUNPATH_SEARCH_PATHS = (
					"$(inherited)",
					"@executable_path/Frameworks",
				);
				PRODUCT_BUNDLE_IDENTIFIER = org.habitatmap.AirCasting;
				PRODUCT_NAME = "$(TARGET_NAME)";
				PROVISIONING_PROFILE_SPECIFIER = "";
				SWIFT_VERSION = 5.0;
				TARGETED_DEVICE_FAMILY = "1,2";
			};
			name = Release;
		};
/* End XCBuildConfiguration section */

/* Begin XCConfigurationList section */
		AC7EB36D25A6FB3A00A7F2AF /* Build configuration list for PBXProject "AirCasting" */ = {
			isa = XCConfigurationList;
			buildConfigurations = (
				AC7EB37F25A6FB3D00A7F2AF /* Debug */,
				AC7EB38025A6FB3D00A7F2AF /* Release */,
			);
			defaultConfigurationIsVisible = 0;
			defaultConfigurationName = Release;
		};
		AC7EB38125A6FB3D00A7F2AF /* Build configuration list for PBXNativeTarget "AirCasting" */ = {
			isa = XCConfigurationList;
			buildConfigurations = (
				AC7EB38225A6FB3D00A7F2AF /* Debug */,
				AC7EB38325A6FB3D00A7F2AF /* Release */,
			);
			defaultConfigurationIsVisible = 0;
			defaultConfigurationName = Release;
		};
/* End XCConfigurationList section */

/* Begin XCRemoteSwiftPackageReference section */
		AC6D567A25AC540D00D221BA /* XCRemoteSwiftPackageReference "Charts" */ = {
			isa = XCRemoteSwiftPackageReference;
			repositoryURL = "https://github.com/danielgindi/Charts";
			requirement = {
				kind = upToNextMajorVersion;
				minimumVersion = 3.0.0;
			};
		};
/* End XCRemoteSwiftPackageReference section */

/* Begin XCSwiftPackageProductDependency section */
		AC6D567B25AC540D00D221BA /* Charts */ = {
			isa = XCSwiftPackageProductDependency;
			package = AC6D567A25AC540D00D221BA /* XCRemoteSwiftPackageReference "Charts" */;
			productName = Charts;
		};
/* End XCSwiftPackageProductDependency section */

/* Begin XCVersionGroup section */
		338C30E625F10BFE00E0305C /* AirCasting.xcdatamodeld */ = {
			isa = XCVersionGroup;
			children = (
				338C30E725F10BFE00E0305C /* AirCasting.xcdatamodel */,
			);
			currentVersion = 338C30E725F10BFE00E0305C /* AirCasting.xcdatamodel */;
			path = AirCasting.xcdatamodeld;
			sourceTree = "<group>";
			versionGroupType = wrapper.xcdatamodel;
		};
/* End XCVersionGroup section */
	};
	rootObject = AC7EB36A25A6FB3A00A7F2AF /* Project object */;
}
